// !$*UTF8*$!
{
	archiveVersion = 1;
	classes = {
	};
	objectVersion = 46;
	objects = {

/* Begin PBXBuildFile section */
		521F754A15DFFF3400AB0A73 /* TRLevelTest_GreatWall.m in Sources */ = {isa = PBXBuildFile; fileRef = 521F754915DFFF3400AB0A73 /* TRLevelTest_GreatWall.m */; };
		521F755015E00FDE00AB0A73 /* TRStructureDescriptionPrimitiveType.m in Sources */ = {isa = PBXBuildFile; fileRef = 521F754F15E00FDE00AB0A73 /* TRStructureDescriptionPrimitiveType.m */; };
		521F755315E0160600AB0A73 /* TRStructureDescriptionConstField.m in Sources */ = {isa = PBXBuildFile; fileRef = 521F755215E0160600AB0A73 /* TRStructureDescriptionConstField.m */; };
		521F755615E01F1700AB0A73 /* TRStructureDescriptionSubstreamField.m in Sources */ = {isa = PBXBuildFile; fileRef = 521F755515E01F1600AB0A73 /* TRStructureDescriptionSubstreamField.m */; };
		521F755915E0232000AB0A73 /* TRStructureSubstreamTest.m in Sources */ = {isa = PBXBuildFile; fileRef = 521F755815E0232000AB0A73 /* TRStructureSubstreamTest.m */; };
		521F755C15E028A400AB0A73 /* TRStructureDescriptionArrayLength.m in Sources */ = {isa = PBXBuildFile; fileRef = 521F755B15E028A300AB0A73 /* TRStructureDescriptionArrayLength.m */; };
		526B670215E238ED00CAE40D /* TRRenderLevelResourcesSCN.m in Sources */ = {isa = PBXBuildFile; fileRef = 526B670115E238ED00CAE40D /* TRRenderLevelResourcesSCN.m */; };
		526B670415E276DB00CAE40D /* Accelerate.framework in Frameworks */ = {isa = PBXBuildFile; fileRef = 526B670315E276DB00CAE40D /* Accelerate.framework */; };
		527539EC15E055B400AF4324 /* TR1AnimationCommandList.m in Sources */ = {isa = PBXBuildFile; fileRef = 527539EB15E055B300AF4324 /* TR1AnimationCommandList.m */; };
		527539F315E05C3E00AF4324 /* TR1MeshTree.m in Sources */ = {isa = PBXBuildFile; fileRef = 527539F215E05C3D00AF4324 /* TR1MeshTree.m */; };
		527539F615E05D7000AF4324 /* TR1FrameData.m in Sources */ = {isa = PBXBuildFile; fileRef = 527539F515E05D6F00AF4324 /* TR1FrameData.m */; };
		527539F915E05E1C00AF4324 /* TR1Moveable.m in Sources */ = {isa = PBXBuildFile; fileRef = 527539F815E05E1A00AF4324 /* TR1Moveable.m */; };
		52753A0115E0E65100AF4324 /* TR1Zone.m in Sources */ = {isa = PBXBuildFile; fileRef = 52753A0015E0E64F00AF4324 /* TR1Zone.m */; };
		52753A0415E0E6E900AF4324 /* TR2Zone.m in Sources */ = {isa = PBXBuildFile; fileRef = 52753A0315E0E6E700AF4324 /* TR2Zone.m */; };
		52753A0715E0E79700AF4324 /* TR1Lightmap.m in Sources */ = {isa = PBXBuildFile; fileRef = 52753A0615E0E79400AF4324 /* TR1Lightmap.m */; };
		52753A0A15E0E8B000AF4324 /* TR1SoundMap.m in Sources */ = {isa = PBXBuildFile; fileRef = 52753A0915E0E8AE00AF4324 /* TR1SoundMap.m */; };
		52753A0D15E0E95300AF4324 /* TR2SoundMap.m in Sources */ = {isa = PBXBuildFile; fileRef = 52753A0C15E0E95000AF4324 /* TR2SoundMap.m */; };
		52753A1015E0E9D200AF4324 /* TR1SoundDetail.m in Sources */ = {isa = PBXBuildFile; fileRef = 52753A0F15E0E9D000AF4324 /* TR1SoundDetail.m */; };
		52AA119915E18F5A00895F44 /* TRLevelTest_Caves.m in Sources */ = {isa = PBXBuildFile; fileRef = 52AA119815E18F5A00895F44 /* TRLevelTest_Caves.m */; };
		52AA119D15E1983400895F44 /* TR1SampleList.m in Sources */ = {isa = PBXBuildFile; fileRef = 52AA119C15E1983400895F44 /* TR1SampleList.m */; };
		52AA11A515E1A57400895F44 /* TR3Room.m in Sources */ = {isa = PBXBuildFile; fileRef = 52AA11A415E1A57400895F44 /* TR3Room.m */; };
		52AA11A815E1A67400895F44 /* TR3RoomLight.m in Sources */ = {isa = PBXBuildFile; fileRef = 52AA11A715E1A67400895F44 /* TR3RoomLight.m */; };
		52AA11AB15E1A8C900895F44 /* TR3RoomVertex.m in Sources */ = {isa = PBXBuildFile; fileRef = 52AA11AA15E1A8C900895F44 /* TR3RoomVertex.m */; };
		52AA11AE15E1AB4E00895F44 /* TR3StaticMeshInstance.m in Sources */ = {isa = PBXBuildFile; fileRef = 52AA11AD15E1AB4E00895F44 /* TR3StaticMeshInstance.m */; };
		52AA11B115E1ACA700895F44 /* TR3Level.m in Sources */ = {isa = PBXBuildFile; fileRef = 52AA11B015E1ACA700895F44 /* TR3Level.m */; };
		52AA11B415E1AE8000895F44 /* TRLevelTest_Jungle.m in Sources */ = {isa = PBXBuildFile; fileRef = 52AA11B315E1AE8000895F44 /* TRLevelTest_Jungle.m */; };
		52AA11C815E4F9B700895F44 /* TRFrame.m in Sources */ = {isa = PBXBuildFile; fileRef = 52AA11C715E4F9B700895F44 /* TRFrame.m */; };
		52AA11CC15E4FC4800895F44 /* TR2FrameData.m in Sources */ = {isa = PBXBuildFile; fileRef = 52AA11CB15E4FC4800895F44 /* TR2FrameData.m */; };
		52B6A27315E2CF50007EFC77 /* TRRenderMeshSCN.m in Sources */ = {isa = PBXBuildFile; fileRef = 52B6A27215E2CF50007EFC77 /* TRRenderMeshSCN.m */; };
		52B6A27615E2CF5E007EFC77 /* SceneKit.framework in Frameworks */ = {isa = PBXBuildFile; fileRef = 52B6A27515E2CF5E007EFC77 /* SceneKit.framework */; };
		52B6A27815E2CF64007EFC77 /* QuartzCore.framework in Frameworks */ = {isa = PBXBuildFile; fileRef = 52B6A27715E2CF64007EFC77 /* QuartzCore.framework */; };
		52B6A27B15E2E1A7007EFC77 /* TRRenderCategoriesSCN.m in Sources */ = {isa = PBXBuildFile; fileRef = 52B6A27A15E2E1A7007EFC77 /* TRRenderCategoriesSCN.m */; };
		52B6A29615E3E801007EFC77 /* TRRenderRoomSCN.m in Sources */ = {isa = PBXBuildFile; fileRef = 52B6A29515E3E801007EFC77 /* TRRenderRoomSCN.m */; };
		52B6A2A115E44B6C007EFC77 /* TRRenderMoveableSCN.m in Sources */ = {isa = PBXBuildFile; fileRef = 52B6A2A015E44B6C007EFC77 /* TRRenderMoveableSCN.m */; };
		52B6A2A815E4575F007EFC77 /* TRRenderRoomGeometrySCN.m in Sources */ = {isa = PBXBuildFile; fileRef = 52B6A2A715E4575E007EFC77 /* TRRenderRoomGeometrySCN.m */; };
		52B6A2AC15E459B2007EFC77 /* TRRenderLevelSCN.m in Sources */ = {isa = PBXBuildFile; fileRef = 52B6A2AB15E459B1007EFC77 /* TRRenderLevelSCN.m */; };
		52B6A2AF15E45D22007EFC77 /* TRRenderMoveableDescription.m in Sources */ = {isa = PBXBuildFile; fileRef = 52B6A2AE15E45D21007EFC77 /* TRRenderMoveableDescription.m */; };
		52B6A2C015E530E9007EFC77 /* TRRenderMesh.m in Sources */ = {isa = PBXBuildFile; fileRef = 52B6A2BF15E530E8007EFC77 /* TRRenderMesh.m */; };
		52B6A2C315E53892007EFC77 /* TRRenderLevelResources.m in Sources */ = {isa = PBXBuildFile; fileRef = 52B6A2C215E53891007EFC77 /* TRRenderLevelResources.m */; };
		52B6A2C615E53908007EFC77 /* TRRenderTexture.m in Sources */ = {isa = PBXBuildFile; fileRef = 52B6A2C515E53906007EFC77 /* TRRenderTexture.m */; };
		52B6A2D515E59E13007EFC77 /* TRRenderRoomGeometry.m in Sources */ = {isa = PBXBuildFile; fileRef = 52B6A2D415E59E13007EFC77 /* TRRenderRoomGeometry.m */; };
		52D8D92A15DB85B300374481 /* TR1TextureVertex.m in Sources */ = {isa = PBXBuildFile; fileRef = 52D8D92915DB85B100374481 /* TR1TextureVertex.m */; };
		52D8D92D15DB871A00374481 /* TR1Camera.m in Sources */ = {isa = PBXBuildFile; fileRef = 52D8D92C15DB871800374481 /* TR1Camera.m */; };
		52D8D93015DB87C800374481 /* TR1CinematicFrame.m in Sources */ = {isa = PBXBuildFile; fileRef = 52D8D92F15DB87C500374481 /* TR1CinematicFrame.m */; };
		52D8D93315DBA21C00374481 /* TR1SoundSource.m in Sources */ = {isa = PBXBuildFile; fileRef = 52D8D93215DBA21900374481 /* TR1SoundSource.m */; };
		52D8D93615DBA2C800374481 /* TR1SoundDetails.m in Sources */ = {isa = PBXBuildFile; fileRef = 52D8D93515DBA2C400374481 /* TR1SoundDetails.m */; };
		52D8D93915DBA5C400374481 /* TR1Box.m in Sources */ = {isa = PBXBuildFile; fileRef = 52D8D93815DBA5C100374481 /* TR1Box.m */; };
		52EC93D715EC17F6000CF949 /* TRLevelTest_Cleopal.m in Sources */ = {isa = PBXBuildFile; fileRef = 52EC93D615EC17F6000CF949 /* TRLevelTest_Cleopal.m */; };
		52EC93DB15EC18A5000CF949 /* TR4Level.m in Sources */ = {isa = PBXBuildFile; fileRef = 52EC93DA15EC18A5000CF949 /* TR4Level.m */; };
		52EC93DE15EC1C3E000CF949 /* TR4Sound.m in Sources */ = {isa = PBXBuildFile; fileRef = 52EC93DD15EC1C3E000CF949 /* TR4Sound.m */; };
		52EC93E115EC1F78000CF949 /* TRStructureDescriptionCompressedField.m in Sources */ = {isa = PBXBuildFile; fileRef = 52EC93E015EC1F78000CF949 /* TRStructureDescriptionCompressedField.m */; };
		52EC93E815EC2770000CF949 /* TR4TexturePage32.m in Sources */ = {isa = PBXBuildFile; fileRef = 52EC93E715EC2770000CF949 /* TR4TexturePage32.m */; };
		52EC93EB15ECA153000CF949 /* TR4RoomLight.m in Sources */ = {isa = PBXBuildFile; fileRef = 52EC93EA15ECA153000CF949 /* TR4RoomLight.m */; };
		52EC93EE15ECA241000CF949 /* TR4FlybyCamera.m in Sources */ = {isa = PBXBuildFile; fileRef = 52EC93ED15ECA240000CF949 /* TR4FlybyCamera.m */; };
		52EC93F115ECA422000CF949 /* TR4AIObject.m in Sources */ = {isa = PBXBuildFile; fileRef = 52EC93F015ECA422000CF949 /* TR4AIObject.m */; };
		52EC93F415ECA4F6000CF949 /* TR4Mesh.m in Sources */ = {isa = PBXBuildFile; fileRef = 52EC93F315ECA4F6000CF949 /* TR4Mesh.m */; };
		52EC93F715ECC6EB000CF949 /* TR4Texture.m in Sources */ = {isa = PBXBuildFile; fileRef = 52EC93F615ECC6EA000CF949 /* TR4Texture.m */; };
		52EC93FA15ECC859000CF949 /* TR4Animation.m in Sources */ = {isa = PBXBuildFile; fileRef = 52EC93F915ECC858000CF949 /* TR4Animation.m */; };
		52F8987B15D8766400AD9031 /* Cocoa.framework in Frameworks */ = {isa = PBXBuildFile; fileRef = 52F8987A15D8766400AD9031 /* Cocoa.framework */; };
		52F8988515D8766400AD9031 /* InfoPlist.strings in Resources */ = {isa = PBXBuildFile; fileRef = 52F8988315D8766400AD9031 /* InfoPlist.strings */; };
		52F8988715D8766400AD9031 /* main.m in Sources */ = {isa = PBXBuildFile; fileRef = 52F8988615D8766400AD9031 /* main.m */; };
		52F8988B15D8766400AD9031 /* Credits.rtf in Resources */ = {isa = PBXBuildFile; fileRef = 52F8988915D8766400AD9031 /* Credits.rtf */; };
		52F8988E15D8766400AD9031 /* TRDocument.m in Sources */ = {isa = PBXBuildFile; fileRef = 52F8988D15D8766400AD9031 /* TRDocument.m */; };
		52F8989115D8766500AD9031 /* TRDocument.xib in Resources */ = {isa = PBXBuildFile; fileRef = 52F8988F15D8766500AD9031 /* TRDocument.xib */; };
		52F8989415D8766500AD9031 /* MainMenu.xib in Resources */ = {isa = PBXBuildFile; fileRef = 52F8989215D8766500AD9031 /* MainMenu.xib */; };
		52F8989C15D8766500AD9031 /* SenTestingKit.framework in Frameworks */ = {isa = PBXBuildFile; fileRef = 52F8989B15D8766500AD9031 /* SenTestingKit.framework */; };
		52F8989D15D8766500AD9031 /* Cocoa.framework in Frameworks */ = {isa = PBXBuildFile; fileRef = 52F8987A15D8766400AD9031 /* Cocoa.framework */; };
		52F898A515D8766500AD9031 /* InfoPlist.strings in Resources */ = {isa = PBXBuildFile; fileRef = 52F898A315D8766500AD9031 /* InfoPlist.strings */; };
		52F898A815D8766500AD9031 /* TR_PoserTests.m in Sources */ = {isa = PBXBuildFile; fileRef = 52F898A715D8766500AD9031 /* TR_PoserTests.m */; };
		52F898B515D8769A00AD9031 /* TRInDataStream.m in Sources */ = {isa = PBXBuildFile; fileRef = 52F898B415D8769A00AD9031 /* TRInDataStream.m */; };
		52F898C115D87B8D00AD9031 /* TR1Texture.m in Sources */ = {isa = PBXBuildFile; fileRef = 52F898C015D87B8D00AD9031 /* TR1Texture.m */; };
		52F898C515D87B9800AD9031 /* TR1StaticMesh.m in Sources */ = {isa = PBXBuildFile; fileRef = 52F898C415D87B9800AD9031 /* TR1StaticMesh.m */; };
		52F898C915D87BA700AD9031 /* TR1AnimationDispatch.m in Sources */ = {isa = PBXBuildFile; fileRef = 52F898C815D87BA700AD9031 /* TR1AnimationDispatch.m */; };
		52F898CD15D87BB400AD9031 /* TR1Animation.m in Sources */ = {isa = PBXBuildFile; fileRef = 52F898CC15D87BB400AD9031 /* TR1Animation.m */; };
		52F898D115D87BC500AD9031 /* TR1SpriteTexture.m in Sources */ = {isa = PBXBuildFile; fileRef = 52F898D015D87BC500AD9031 /* TR1SpriteTexture.m */; };
		52F898D515D87BE400AD9031 /* TR1SpriteSequence.m in Sources */ = {isa = PBXBuildFile; fileRef = 52F898D415D87BE400AD9031 /* TR1SpriteSequence.m */; };
		52F898D915D87BFA00AD9031 /* TR1StateChange.m in Sources */ = {isa = PBXBuildFile; fileRef = 52F898D815D87BF900AD9031 /* TR1StateChange.m */; };
		52F898DD15D87C1600AD9031 /* TR1Mesh.m in Sources */ = {isa = PBXBuildFile; fileRef = 52F898DC15D87C1600AD9031 /* TR1Mesh.m */; };
		52F898E115D87C2600AD9031 /* TR1Room.m in Sources */ = {isa = PBXBuildFile; fileRef = 52F898E015D87C2500AD9031 /* TR1Room.m */; };
		52F898E515D87C3C00AD9031 /* TR1Level.m in Sources */ = {isa = PBXBuildFile; fileRef = 52F898E415D87C3C00AD9031 /* TR1Level.m */; };
		52F898E915D87C5400AD9031 /* TR1MeshFace.m in Sources */ = {isa = PBXBuildFile; fileRef = 52F898E815D87C5400AD9031 /* TR1MeshFace.m */; };
		52F898ED15D87C6F00AD9031 /* TR1RoomVertex.m in Sources */ = {isa = PBXBuildFile; fileRef = 52F898EC15D87C6F00AD9031 /* TR1RoomVertex.m */; };
		52F898F515D87C8C00AD9031 /* TR1RoomPortal.m in Sources */ = {isa = PBXBuildFile; fileRef = 52F898F415D87C8B00AD9031 /* TR1RoomPortal.m */; };
		52F898F915D87CA100AD9031 /* TR1StaticMeshInstance.m in Sources */ = {isa = PBXBuildFile; fileRef = 52F898F815D87CA100AD9031 /* TR1StaticMeshInstance.m */; };
		52F8990515D87CE100AD9031 /* TR1AnimationFrame.m in Sources */ = {isa = PBXBuildFile; fileRef = 52F8990415D87CE000AD9031 /* TR1AnimationFrame.m */; };
		52F8991515D9551A00AD9031 /* TR1Vertex.m in Sources */ = {isa = PBXBuildFile; fileRef = 52F8991415D9551A00AD9031 /* TR1Vertex.m */; };
		52F8991915D9560C00AD9031 /* TROutDataStream.m in Sources */ = {isa = PBXBuildFile; fileRef = 52F8991815D9560C00AD9031 /* TROutDataStream.m */; };
		52F8991C15D95F9900AD9031 /* TR4MeshFace.m in Sources */ = {isa = PBXBuildFile; fileRef = 52F8991B15D95F9900AD9031 /* TR4MeshFace.m */; };
		52F8992015D962C500AD9031 /* TR3MeshFace.m in Sources */ = {isa = PBXBuildFile; fileRef = 52F8991F15D962C500AD9031 /* TR3MeshFace.m */; };
		52F8992415D979A400AD9031 /* TR1RoomSector.m in Sources */ = {isa = PBXBuildFile; fileRef = 52F8992315D979A400AD9031 /* TR1RoomSector.m */; };
		52F8992815D97D0500AD9031 /* TR1RoomLight.m in Sources */ = {isa = PBXBuildFile; fileRef = 52F8992715D97D0400AD9031 /* TR1RoomLight.m */; };
		52F8992C15D97E0A00AD9031 /* TR2RoomLight.m in Sources */ = {isa = PBXBuildFile; fileRef = 52F8992B15D97E0900AD9031 /* TR2RoomLight.m */; };
		52F8993015D97F6D00AD9031 /* TR2RoomVertex.m in Sources */ = {isa = PBXBuildFile; fileRef = 52F8992F15D97F6D00AD9031 /* TR2RoomVertex.m */; };
		52F8993415D9802C00AD9031 /* TR1RoomSprite.m in Sources */ = {isa = PBXBuildFile; fileRef = 52F8993315D9802C00AD9031 /* TR1RoomSprite.m */; };
		52F8993C15D9B60300AD9031 /* TR1RoomFace.m in Sources */ = {isa = PBXBuildFile; fileRef = 52F8993B15D9B60200AD9031 /* TR1RoomFace.m */; };
		52F8994015D9B72400AD9031 /* TR3RoomFace.m in Sources */ = {isa = PBXBuildFile; fileRef = 52F8993F15D9B72400AD9031 /* TR3RoomFace.m */; };
		52F8994415D9BB7200AD9031 /* TR2StaticMeshInstance.m in Sources */ = {isa = PBXBuildFile; fileRef = 52F8994315D9BB7100AD9031 /* TR2StaticMeshInstance.m */; };
		52F8994815D9DDEE00AD9031 /* TR1MeshPointer.m in Sources */ = {isa = PBXBuildFile; fileRef = 52F8994715D9DDED00AD9031 /* TR1MeshPointer.m */; };
		52F8994C15D9DFB400AD9031 /* TR2Level.m in Sources */ = {isa = PBXBuildFile; fileRef = 52F8994B15D9DFB200AD9031 /* TR2Level.m */; };
		52F8995015D9DFF900AD9031 /* TR2Room.m in Sources */ = {isa = PBXBuildFile; fileRef = 52F8994F15D9DFF800AD9031 /* TR2Room.m */; };
		52F8995415D9E22E00AD9031 /* TR1Palette8.m in Sources */ = {isa = PBXBuildFile; fileRef = 52F8995315D9E22C00AD9031 /* TR1Palette8.m */; };
		52F8995815D9E38400AD9031 /* TR2Palette16.m in Sources */ = {isa = PBXBuildFile; fileRef = 52F8995715D9E38200AD9031 /* TR2Palette16.m */; };
		52F8995C15DA2E8100AD9031 /* TRPalette.m in Sources */ = {isa = PBXBuildFile; fileRef = 52F8995B15DA2E7F00AD9031 /* TRPalette.m */; };
		52F8996015DA393A00AD9031 /* TRTexturePage.m in Sources */ = {isa = PBXBuildFile; fileRef = 52F8995F15DA393900AD9031 /* TRTexturePage.m */; };
		52F8996415DA3A2900AD9031 /* TR1TexturePage8.m in Sources */ = {isa = PBXBuildFile; fileRef = 52F8996315DA3A2700AD9031 /* TR1TexturePage8.m */; };
		52F8996815DA3C3600AD9031 /* TR2TexturePage16.m in Sources */ = {isa = PBXBuildFile; fileRef = 52F8996715DA3C3400AD9031 /* TR2TexturePage16.m */; };
		52F8996C15DA5A9E00AD9031 /* TR1FloorDataList.m in Sources */ = {isa = PBXBuildFile; fileRef = 52F8996B15DA5A9B00AD9031 /* TR1FloorDataList.m */; };
		52F8997015DA780700AD9031 /* TRStructure.m in Sources */ = {isa = PBXBuildFile; fileRef = 52F8996F15DA780400AD9031 /* TRStructure.m */; };
		52F8997415DA782900AD9031 /* TRStructureDescription.m in Sources */ = {isa = PBXBuildFile; fileRef = 52F8997315DA782600AD9031 /* TRStructureDescription.m */; };
		52F8997815DA79AB00AD9031 /* TRStructureDescriptionValueField.m in Sources */ = {isa = PBXBuildFile; fileRef = 52F8997715DA79A900AD9031 /* TRStructureDescriptionValueField.m */; };
		52F8997C15DACA5700AD9031 /* TRStructureTest.m in Sources */ = {isa = PBXBuildFile; fileRef = 52F8997B15DACA5700AD9031 /* TRStructureTest.m */; };
		52F8998215DACDD700AD9031 /* libz.dylib in Frameworks */ = {isa = PBXBuildFile; fileRef = 52F8998115DACDD600AD9031 /* libz.dylib */; };
		52F8998315DACDE900AD9031 /* libz.dylib in Frameworks */ = {isa = PBXBuildFile; fileRef = 52F8998115DACDD600AD9031 /* libz.dylib */; };
		52F8998615DAE29500AD9031 /* TR1Item.m in Sources */ = {isa = PBXBuildFile; fileRef = 52F8998515DAE29100AD9031 /* TR1Item.m */; };
		52F8998915DAE42E00AD9031 /* TR2Item.m in Sources */ = {isa = PBXBuildFile; fileRef = 52F8998815DAE42A00AD9031 /* TR2Item.m */; };
		52F8998E15DAEAC600AD9031 /* TRStructureDescriptionField.m in Sources */ = {isa = PBXBuildFile; fileRef = 52F8998D15DAEAC100AD9031 /* TRStructureDescriptionField.m */; };
		52F8999215DAEB0D00AD9031 /* TRStructureDescriptionDerivedProperty.m in Sources */ = {isa = PBXBuildFile; fileRef = 52F8999115DAEB0800AD9031 /* TRStructureDescriptionDerivedProperty.m */; };
		52FB7BB915DC414500DB1E72 /* TRStructureDescriptionFactor.m in Sources */ = {isa = PBXBuildFile; fileRef = 52FB7BB815DC414500DB1E72 /* TRStructureDescriptionFactor.m */; };
		52FB7BBD15DC425B00DB1E72 /* TR2Box.m in Sources */ = {isa = PBXBuildFile; fileRef = 52FB7BBC15DC425B00DB1E72 /* TR2Box.m */; };
/* End PBXBuildFile section */

/* Begin PBXContainerItemProxy section */
		52F8989E15D8766500AD9031 /* PBXContainerItemProxy */ = {
			isa = PBXContainerItemProxy;
			containerPortal = 52F8986D15D8766400AD9031 /* Project object */;
			proxyType = 1;
			remoteGlobalIDString = 52F8987515D8766400AD9031;
			remoteInfo = "TR Poser";
		};
/* End PBXContainerItemProxy section */

/* Begin PBXFileReference section */
		521F754815DFFF3400AB0A73 /* TRLevelTest_GreatWall.h */ = {isa = PBXFileReference; fileEncoding = 4; lastKnownFileType = sourcecode.c.h; path = TRLevelTest_GreatWall.h; sourceTree = "<group>"; };
		521F754915DFFF3400AB0A73 /* TRLevelTest_GreatWall.m */ = {isa = PBXFileReference; fileEncoding = 4; lastKnownFileType = sourcecode.c.objc; path = TRLevelTest_GreatWall.m; sourceTree = "<group>"; };
		521F754E15E00FDE00AB0A73 /* TRStructureDescriptionPrimitiveType.h */ = {isa = PBXFileReference; fileEncoding = 4; lastKnownFileType = sourcecode.c.h; path = TRStructureDescriptionPrimitiveType.h; sourceTree = "<group>"; };
		521F754F15E00FDE00AB0A73 /* TRStructureDescriptionPrimitiveType.m */ = {isa = PBXFileReference; fileEncoding = 4; lastKnownFileType = sourcecode.c.objc; path = TRStructureDescriptionPrimitiveType.m; sourceTree = "<group>"; };
		521F755115E0160600AB0A73 /* TRStructureDescriptionConstField.h */ = {isa = PBXFileReference; fileEncoding = 4; lastKnownFileType = sourcecode.c.h; path = TRStructureDescriptionConstField.h; sourceTree = "<group>"; };
		521F755215E0160600AB0A73 /* TRStructureDescriptionConstField.m */ = {isa = PBXFileReference; fileEncoding = 4; lastKnownFileType = sourcecode.c.objc; path = TRStructureDescriptionConstField.m; sourceTree = "<group>"; };
		521F755415E01F1500AB0A73 /* TRStructureDescriptionSubstreamField.h */ = {isa = PBXFileReference; fileEncoding = 4; lastKnownFileType = sourcecode.c.h; path = TRStructureDescriptionSubstreamField.h; sourceTree = "<group>"; };
		521F755515E01F1600AB0A73 /* TRStructureDescriptionSubstreamField.m */ = {isa = PBXFileReference; fileEncoding = 4; lastKnownFileType = sourcecode.c.objc; path = TRStructureDescriptionSubstreamField.m; sourceTree = "<group>"; };
		521F755715E0232000AB0A73 /* TRStructureSubstreamTest.h */ = {isa = PBXFileReference; fileEncoding = 4; lastKnownFileType = sourcecode.c.h; path = TRStructureSubstreamTest.h; sourceTree = "<group>"; };
		521F755815E0232000AB0A73 /* TRStructureSubstreamTest.m */ = {isa = PBXFileReference; fileEncoding = 4; lastKnownFileType = sourcecode.c.objc; path = TRStructureSubstreamTest.m; sourceTree = "<group>"; };
		521F755A15E028A200AB0A73 /* TRStructureDescriptionArrayLength.h */ = {isa = PBXFileReference; fileEncoding = 4; lastKnownFileType = sourcecode.c.h; path = TRStructureDescriptionArrayLength.h; sourceTree = "<group>"; };
		521F755B15E028A300AB0A73 /* TRStructureDescriptionArrayLength.m */ = {isa = PBXFileReference; fileEncoding = 4; lastKnownFileType = sourcecode.c.objc; path = TRStructureDescriptionArrayLength.m; sourceTree = "<group>"; };
		526B670015E238ED00CAE40D /* TRRenderLevelResourcesSCN.h */ = {isa = PBXFileReference; fileEncoding = 4; lastKnownFileType = sourcecode.c.h; path = TRRenderLevelResourcesSCN.h; sourceTree = "<group>"; };
		526B670115E238ED00CAE40D /* TRRenderLevelResourcesSCN.m */ = {isa = PBXFileReference; fileEncoding = 4; lastKnownFileType = sourcecode.c.objc; path = TRRenderLevelResourcesSCN.m; sourceTree = "<group>"; };
		526B670315E276DB00CAE40D /* Accelerate.framework */ = {isa = PBXFileReference; lastKnownFileType = wrapper.framework; name = Accelerate.framework; path = System/Library/Frameworks/Accelerate.framework; sourceTree = SDKROOT; };
		527539EA15E055B200AF4324 /* TR1AnimationCommandList.h */ = {isa = PBXFileReference; fileEncoding = 4; lastKnownFileType = sourcecode.c.h; path = TR1AnimationCommandList.h; sourceTree = "<group>"; };
		527539EB15E055B300AF4324 /* TR1AnimationCommandList.m */ = {isa = PBXFileReference; fileEncoding = 4; lastKnownFileType = sourcecode.c.objc; path = TR1AnimationCommandList.m; sourceTree = "<group>"; };
		527539F115E05C3C00AF4324 /* TR1MeshTree.h */ = {isa = PBXFileReference; fileEncoding = 4; lastKnownFileType = sourcecode.c.h; path = TR1MeshTree.h; sourceTree = "<group>"; };
		527539F215E05C3D00AF4324 /* TR1MeshTree.m */ = {isa = PBXFileReference; fileEncoding = 4; lastKnownFileType = sourcecode.c.objc; path = TR1MeshTree.m; sourceTree = "<group>"; };
		527539F415E05D6E00AF4324 /* TR1FrameData.h */ = {isa = PBXFileReference; fileEncoding = 4; lastKnownFileType = sourcecode.c.h; path = TR1FrameData.h; sourceTree = "<group>"; };
		527539F515E05D6F00AF4324 /* TR1FrameData.m */ = {isa = PBXFileReference; fileEncoding = 4; lastKnownFileType = sourcecode.c.objc; path = TR1FrameData.m; sourceTree = "<group>"; };
		527539F715E05E1900AF4324 /* TR1Moveable.h */ = {isa = PBXFileReference; fileEncoding = 4; lastKnownFileType = sourcecode.c.h; path = TR1Moveable.h; sourceTree = "<group>"; };
		527539F815E05E1A00AF4324 /* TR1Moveable.m */ = {isa = PBXFileReference; fileEncoding = 4; lastKnownFileType = sourcecode.c.objc; path = TR1Moveable.m; sourceTree = "<group>"; };
		527539FF15E0E64D00AF4324 /* TR1Zone.h */ = {isa = PBXFileReference; fileEncoding = 4; lastKnownFileType = sourcecode.c.h; path = TR1Zone.h; sourceTree = "<group>"; };
		52753A0015E0E64F00AF4324 /* TR1Zone.m */ = {isa = PBXFileReference; fileEncoding = 4; lastKnownFileType = sourcecode.c.objc; path = TR1Zone.m; sourceTree = "<group>"; };
		52753A0215E0E6E500AF4324 /* TR2Zone.h */ = {isa = PBXFileReference; fileEncoding = 4; lastKnownFileType = sourcecode.c.h; path = TR2Zone.h; sourceTree = "<group>"; };
		52753A0315E0E6E700AF4324 /* TR2Zone.m */ = {isa = PBXFileReference; fileEncoding = 4; lastKnownFileType = sourcecode.c.objc; path = TR2Zone.m; sourceTree = "<group>"; };
		52753A0515E0E79300AF4324 /* TR1Lightmap.h */ = {isa = PBXFileReference; fileEncoding = 4; lastKnownFileType = sourcecode.c.h; path = TR1Lightmap.h; sourceTree = "<group>"; };
		52753A0615E0E79400AF4324 /* TR1Lightmap.m */ = {isa = PBXFileReference; fileEncoding = 4; lastKnownFileType = sourcecode.c.objc; path = TR1Lightmap.m; sourceTree = "<group>"; };
		52753A0815E0E8AB00AF4324 /* TR1SoundMap.h */ = {isa = PBXFileReference; fileEncoding = 4; lastKnownFileType = sourcecode.c.h; path = TR1SoundMap.h; sourceTree = "<group>"; };
		52753A0915E0E8AE00AF4324 /* TR1SoundMap.m */ = {isa = PBXFileReference; fileEncoding = 4; lastKnownFileType = sourcecode.c.objc; path = TR1SoundMap.m; sourceTree = "<group>"; };
		52753A0B15E0E94E00AF4324 /* TR2SoundMap.h */ = {isa = PBXFileReference; fileEncoding = 4; lastKnownFileType = sourcecode.c.h; path = TR2SoundMap.h; sourceTree = "<group>"; };
		52753A0C15E0E95000AF4324 /* TR2SoundMap.m */ = {isa = PBXFileReference; fileEncoding = 4; lastKnownFileType = sourcecode.c.objc; path = TR2SoundMap.m; sourceTree = "<group>"; };
		52753A0E15E0E9CE00AF4324 /* TR1SoundDetail.h */ = {isa = PBXFileReference; fileEncoding = 4; lastKnownFileType = sourcecode.c.h; path = TR1SoundDetail.h; sourceTree = "<group>"; };
		52753A0F15E0E9D000AF4324 /* TR1SoundDetail.m */ = {isa = PBXFileReference; fileEncoding = 4; lastKnownFileType = sourcecode.c.objc; path = TR1SoundDetail.m; sourceTree = "<group>"; };
		52AA119715E18F5A00895F44 /* TRLevelTest_Caves.h */ = {isa = PBXFileReference; fileEncoding = 4; lastKnownFileType = sourcecode.c.h; path = TRLevelTest_Caves.h; sourceTree = "<group>"; };
		52AA119815E18F5A00895F44 /* TRLevelTest_Caves.m */ = {isa = PBXFileReference; fileEncoding = 4; lastKnownFileType = sourcecode.c.objc; path = TRLevelTest_Caves.m; sourceTree = "<group>"; };
		52AA119B15E1983400895F44 /* TR1SampleList.h */ = {isa = PBXFileReference; fileEncoding = 4; lastKnownFileType = sourcecode.c.h; path = TR1SampleList.h; sourceTree = "<group>"; };
		52AA119C15E1983400895F44 /* TR1SampleList.m */ = {isa = PBXFileReference; fileEncoding = 4; lastKnownFileType = sourcecode.c.objc; path = TR1SampleList.m; sourceTree = "<group>"; };
		52AA11A315E1A57400895F44 /* TR3Room.h */ = {isa = PBXFileReference; fileEncoding = 4; lastKnownFileType = sourcecode.c.h; path = TR3Room.h; sourceTree = "<group>"; };
		52AA11A415E1A57400895F44 /* TR3Room.m */ = {isa = PBXFileReference; fileEncoding = 4; lastKnownFileType = sourcecode.c.objc; path = TR3Room.m; sourceTree = "<group>"; };
		52AA11A615E1A67400895F44 /* TR3RoomLight.h */ = {isa = PBXFileReference; fileEncoding = 4; lastKnownFileType = sourcecode.c.h; path = TR3RoomLight.h; sourceTree = "<group>"; };
		52AA11A715E1A67400895F44 /* TR3RoomLight.m */ = {isa = PBXFileReference; fileEncoding = 4; lastKnownFileType = sourcecode.c.objc; path = TR3RoomLight.m; sourceTree = "<group>"; };
		52AA11A915E1A8C900895F44 /* TR3RoomVertex.h */ = {isa = PBXFileReference; fileEncoding = 4; lastKnownFileType = sourcecode.c.h; path = TR3RoomVertex.h; sourceTree = "<group>"; };
		52AA11AA15E1A8C900895F44 /* TR3RoomVertex.m */ = {isa = PBXFileReference; fileEncoding = 4; lastKnownFileType = sourcecode.c.objc; path = TR3RoomVertex.m; sourceTree = "<group>"; };
		52AA11AC15E1AB4E00895F44 /* TR3StaticMeshInstance.h */ = {isa = PBXFileReference; fileEncoding = 4; lastKnownFileType = sourcecode.c.h; path = TR3StaticMeshInstance.h; sourceTree = "<group>"; };
		52AA11AD15E1AB4E00895F44 /* TR3StaticMeshInstance.m */ = {isa = PBXFileReference; fileEncoding = 4; lastKnownFileType = sourcecode.c.objc; path = TR3StaticMeshInstance.m; sourceTree = "<group>"; };
		52AA11AF15E1ACA700895F44 /* TR3Level.h */ = {isa = PBXFileReference; fileEncoding = 4; lastKnownFileType = sourcecode.c.h; path = TR3Level.h; sourceTree = "<group>"; };
		52AA11B015E1ACA700895F44 /* TR3Level.m */ = {isa = PBXFileReference; fileEncoding = 4; lastKnownFileType = sourcecode.c.objc; path = TR3Level.m; sourceTree = "<group>"; };
		52AA11B215E1AE8000895F44 /* TRLevelTest_Jungle.h */ = {isa = PBXFileReference; fileEncoding = 4; lastKnownFileType = sourcecode.c.h; path = TRLevelTest_Jungle.h; sourceTree = "<group>"; };
		52AA11B315E1AE8000895F44 /* TRLevelTest_Jungle.m */ = {isa = PBXFileReference; fileEncoding = 4; lastKnownFileType = sourcecode.c.objc; path = TRLevelTest_Jungle.m; sourceTree = "<group>"; };
		52AA11C615E4F9B700895F44 /* TRFrame.h */ = {isa = PBXFileReference; fileEncoding = 4; lastKnownFileType = sourcecode.c.h; name = TRFrame.h; path = ../../Rendering/TRFrame.h; sourceTree = "<group>"; };
		52AA11C715E4F9B700895F44 /* TRFrame.m */ = {isa = PBXFileReference; fileEncoding = 4; lastKnownFileType = sourcecode.c.objc; name = TRFrame.m; path = ../../Rendering/TRFrame.m; sourceTree = "<group>"; };
		52AA11CA15E4FC4800895F44 /* TR2FrameData.h */ = {isa = PBXFileReference; fileEncoding = 4; lastKnownFileType = sourcecode.c.h; path = TR2FrameData.h; sourceTree = "<group>"; };
		52AA11CB15E4FC4800895F44 /* TR2FrameData.m */ = {isa = PBXFileReference; fileEncoding = 4; lastKnownFileType = sourcecode.c.objc; path = TR2FrameData.m; sourceTree = "<group>"; };
		52B6A27115E2CF50007EFC77 /* TRRenderMeshSCN.h */ = {isa = PBXFileReference; fileEncoding = 4; lastKnownFileType = sourcecode.c.h; path = TRRenderMeshSCN.h; sourceTree = "<group>"; };
		52B6A27215E2CF50007EFC77 /* TRRenderMeshSCN.m */ = {isa = PBXFileReference; fileEncoding = 4; lastKnownFileType = sourcecode.c.objc; path = TRRenderMeshSCN.m; sourceTree = "<group>"; };
		52B6A27515E2CF5E007EFC77 /* SceneKit.framework */ = {isa = PBXFileReference; lastKnownFileType = wrapper.framework; name = SceneKit.framework; path = System/Library/Frameworks/SceneKit.framework; sourceTree = SDKROOT; };
		52B6A27715E2CF64007EFC77 /* QuartzCore.framework */ = {isa = PBXFileReference; lastKnownFileType = wrapper.framework; name = QuartzCore.framework; path = System/Library/Frameworks/QuartzCore.framework; sourceTree = SDKROOT; };
		52B6A27915E2E1A7007EFC77 /* TRRenderCategoriesSCN.h */ = {isa = PBXFileReference; fileEncoding = 4; lastKnownFileType = sourcecode.c.h; path = TRRenderCategoriesSCN.h; sourceTree = "<group>"; };
		52B6A27A15E2E1A7007EFC77 /* TRRenderCategoriesSCN.m */ = {isa = PBXFileReference; fileEncoding = 4; lastKnownFileType = sourcecode.c.objc; path = TRRenderCategoriesSCN.m; sourceTree = "<group>"; };
		52B6A29415E3E801007EFC77 /* TRRenderRoomSCN.h */ = {isa = PBXFileReference; fileEncoding = 4; lastKnownFileType = sourcecode.c.h; path = TRRenderRoomSCN.h; sourceTree = "<group>"; };
		52B6A29515E3E801007EFC77 /* TRRenderRoomSCN.m */ = {isa = PBXFileReference; fileEncoding = 4; lastKnownFileType = sourcecode.c.objc; path = TRRenderRoomSCN.m; sourceTree = "<group>"; };
		52B6A29F15E44B6C007EFC77 /* TRRenderMoveableSCN.h */ = {isa = PBXFileReference; fileEncoding = 4; lastKnownFileType = sourcecode.c.h; path = TRRenderMoveableSCN.h; sourceTree = "<group>"; };
		52B6A2A015E44B6C007EFC77 /* TRRenderMoveableSCN.m */ = {isa = PBXFileReference; fileEncoding = 4; lastKnownFileType = sourcecode.c.objc; path = TRRenderMoveableSCN.m; sourceTree = "<group>"; };
		52B6A2A615E4575E007EFC77 /* TRRenderRoomGeometrySCN.h */ = {isa = PBXFileReference; fileEncoding = 4; lastKnownFileType = sourcecode.c.h; path = TRRenderRoomGeometrySCN.h; sourceTree = "<group>"; };
		52B6A2A715E4575E007EFC77 /* TRRenderRoomGeometrySCN.m */ = {isa = PBXFileReference; fileEncoding = 4; lastKnownFileType = sourcecode.c.objc; path = TRRenderRoomGeometrySCN.m; sourceTree = "<group>"; };
		52B6A2AA15E459B1007EFC77 /* TRRenderLevelSCN.h */ = {isa = PBXFileReference; fileEncoding = 4; lastKnownFileType = sourcecode.c.h; path = TRRenderLevelSCN.h; sourceTree = "<group>"; };
		52B6A2AB15E459B1007EFC77 /* TRRenderLevelSCN.m */ = {isa = PBXFileReference; fileEncoding = 4; lastKnownFileType = sourcecode.c.objc; path = TRRenderLevelSCN.m; sourceTree = "<group>"; };
		52B6A2AD15E45D20007EFC77 /* TRRenderMoveableDescription.h */ = {isa = PBXFileReference; fileEncoding = 4; lastKnownFileType = sourcecode.c.h; path = TRRenderMoveableDescription.h; sourceTree = "<group>"; };
		52B6A2AE15E45D21007EFC77 /* TRRenderMoveableDescription.m */ = {isa = PBXFileReference; fileEncoding = 4; lastKnownFileType = sourcecode.c.objc; path = TRRenderMoveableDescription.m; sourceTree = "<group>"; };
		52B6A2BE15E530E7007EFC77 /* TRRenderMesh.h */ = {isa = PBXFileReference; fileEncoding = 4; indentWidth = 4; lastKnownFileType = sourcecode.c.h; path = TRRenderMesh.h; sourceTree = "<group>"; tabWidth = 4; usesTabs = 1; wrapsLines = 1; };
		52B6A2BF15E530E8007EFC77 /* TRRenderMesh.m */ = {isa = PBXFileReference; fileEncoding = 4; indentWidth = 4; lastKnownFileType = sourcecode.c.objc; path = TRRenderMesh.m; sourceTree = "<group>"; tabWidth = 4; usesTabs = 1; wrapsLines = 1; };
		52B6A2C115E5388F007EFC77 /* TRRenderLevelResources.h */ = {isa = PBXFileReference; fileEncoding = 4; lastKnownFileType = sourcecode.c.h; path = TRRenderLevelResources.h; sourceTree = "<group>"; };
		52B6A2C215E53891007EFC77 /* TRRenderLevelResources.m */ = {isa = PBXFileReference; fileEncoding = 4; lastKnownFileType = sourcecode.c.objc; path = TRRenderLevelResources.m; sourceTree = "<group>"; };
		52B6A2C415E53905007EFC77 /* TRRenderTexture.h */ = {isa = PBXFileReference; fileEncoding = 4; lastKnownFileType = sourcecode.c.h; path = TRRenderTexture.h; sourceTree = "<group>"; };
		52B6A2C515E53906007EFC77 /* TRRenderTexture.m */ = {isa = PBXFileReference; fileEncoding = 4; lastKnownFileType = sourcecode.c.objc; path = TRRenderTexture.m; sourceTree = "<group>"; };
		52B6A2D315E59E13007EFC77 /* TRRenderRoomGeometry.h */ = {isa = PBXFileReference; fileEncoding = 4; indentWidth = 4; lastKnownFileType = sourcecode.c.h; path = TRRenderRoomGeometry.h; sourceTree = "<group>"; tabWidth = 4; usesTabs = 1; wrapsLines = 1; };
		52B6A2D415E59E13007EFC77 /* TRRenderRoomGeometry.m */ = {isa = PBXFileReference; fileEncoding = 4; indentWidth = 4; lastKnownFileType = sourcecode.c.objc; path = TRRenderRoomGeometry.m; sourceTree = "<group>"; tabWidth = 4; usesTabs = 1; wrapsLines = 1; };
		52B6A2D615E59F20007EFC77 /* TRRenderElement.h */ = {isa = PBXFileReference; lastKnownFileType = sourcecode.c.h; path = TRRenderElement.h; sourceTree = "<group>"; };
		52D8D92815DB85AF00374481 /* TR1TextureVertex.h */ = {isa = PBXFileReference; fileEncoding = 4; lastKnownFileType = sourcecode.c.h; path = TR1TextureVertex.h; sourceTree = "<group>"; };
		52D8D92915DB85B100374481 /* TR1TextureVertex.m */ = {isa = PBXFileReference; fileEncoding = 4; lastKnownFileType = sourcecode.c.objc; path = TR1TextureVertex.m; sourceTree = "<group>"; };
		52D8D92B15DB871600374481 /* TR1Camera.h */ = {isa = PBXFileReference; fileEncoding = 4; lastKnownFileType = sourcecode.c.h; path = TR1Camera.h; sourceTree = "<group>"; };
		52D8D92C15DB871800374481 /* TR1Camera.m */ = {isa = PBXFileReference; fileEncoding = 4; lastKnownFileType = sourcecode.c.objc; path = TR1Camera.m; sourceTree = "<group>"; };
		52D8D92E15DB87C300374481 /* TR1CinematicFrame.h */ = {isa = PBXFileReference; fileEncoding = 4; lastKnownFileType = sourcecode.c.h; path = TR1CinematicFrame.h; sourceTree = "<group>"; };
		52D8D92F15DB87C500374481 /* TR1CinematicFrame.m */ = {isa = PBXFileReference; fileEncoding = 4; lastKnownFileType = sourcecode.c.objc; path = TR1CinematicFrame.m; sourceTree = "<group>"; };
		52D8D93115DBA21600374481 /* TR1SoundSource.h */ = {isa = PBXFileReference; fileEncoding = 4; lastKnownFileType = sourcecode.c.h; path = TR1SoundSource.h; sourceTree = "<group>"; };
		52D8D93215DBA21900374481 /* TR1SoundSource.m */ = {isa = PBXFileReference; fileEncoding = 4; lastKnownFileType = sourcecode.c.objc; path = TR1SoundSource.m; sourceTree = "<group>"; };
		52D8D93415DBA2C100374481 /* TR1SoundDetails.h */ = {isa = PBXFileReference; fileEncoding = 4; lastKnownFileType = sourcecode.c.h; path = TR1SoundDetails.h; sourceTree = "<group>"; };
		52D8D93515DBA2C400374481 /* TR1SoundDetails.m */ = {isa = PBXFileReference; fileEncoding = 4; lastKnownFileType = sourcecode.c.objc; path = TR1SoundDetails.m; sourceTree = "<group>"; };
		52D8D93715DBA5BE00374481 /* TR1Box.h */ = {isa = PBXFileReference; fileEncoding = 4; lastKnownFileType = sourcecode.c.h; path = TR1Box.h; sourceTree = "<group>"; };
		52D8D93815DBA5C100374481 /* TR1Box.m */ = {isa = PBXFileReference; fileEncoding = 4; lastKnownFileType = sourcecode.c.objc; path = TR1Box.m; sourceTree = "<group>"; };
		52EC93D515EC17F6000CF949 /* TRLevelTest_Cleopal.h */ = {isa = PBXFileReference; fileEncoding = 4; lastKnownFileType = sourcecode.c.h; path = TRLevelTest_Cleopal.h; sourceTree = "<group>"; };
		52EC93D615EC17F6000CF949 /* TRLevelTest_Cleopal.m */ = {isa = PBXFileReference; fileEncoding = 4; lastKnownFileType = sourcecode.c.objc; path = TRLevelTest_Cleopal.m; sourceTree = "<group>"; };
		52EC93D915EC18A5000CF949 /* TR4Level.h */ = {isa = PBXFileReference; fileEncoding = 4; lastKnownFileType = sourcecode.c.h; path = TR4Level.h; sourceTree = "<group>"; };
		52EC93DA15EC18A5000CF949 /* TR4Level.m */ = {isa = PBXFileReference; fileEncoding = 4; lastKnownFileType = sourcecode.c.objc; path = TR4Level.m; sourceTree = "<group>"; };
		52EC93DC15EC1C3E000CF949 /* TR4Sound.h */ = {isa = PBXFileReference; fileEncoding = 4; lastKnownFileType = sourcecode.c.h; path = TR4Sound.h; sourceTree = "<group>"; };
		52EC93DD15EC1C3E000CF949 /* TR4Sound.m */ = {isa = PBXFileReference; fileEncoding = 4; lastKnownFileType = sourcecode.c.objc; path = TR4Sound.m; sourceTree = "<group>"; };
		52EC93DF15EC1F78000CF949 /* TRStructureDescriptionCompressedField.h */ = {isa = PBXFileReference; fileEncoding = 4; lastKnownFileType = sourcecode.c.h; path = TRStructureDescriptionCompressedField.h; sourceTree = "<group>"; };
		52EC93E015EC1F78000CF949 /* TRStructureDescriptionCompressedField.m */ = {isa = PBXFileReference; fileEncoding = 4; lastKnownFileType = sourcecode.c.objc; path = TRStructureDescriptionCompressedField.m; sourceTree = "<group>"; };
		52EC93E615EC276F000CF949 /* TR4TexturePage32.h */ = {isa = PBXFileReference; fileEncoding = 4; lastKnownFileType = sourcecode.c.h; path = TR4TexturePage32.h; sourceTree = "<group>"; };
		52EC93E715EC2770000CF949 /* TR4TexturePage32.m */ = {isa = PBXFileReference; fileEncoding = 4; lastKnownFileType = sourcecode.c.objc; path = TR4TexturePage32.m; sourceTree = "<group>"; };
		52EC93E915ECA153000CF949 /* TR4RoomLight.h */ = {isa = PBXFileReference; fileEncoding = 4; lastKnownFileType = sourcecode.c.h; path = TR4RoomLight.h; sourceTree = "<group>"; };
		52EC93EA15ECA153000CF949 /* TR4RoomLight.m */ = {isa = PBXFileReference; fileEncoding = 4; lastKnownFileType = sourcecode.c.objc; path = TR4RoomLight.m; sourceTree = "<group>"; };
		52EC93EC15ECA240000CF949 /* TR4FlybyCamera.h */ = {isa = PBXFileReference; fileEncoding = 4; lastKnownFileType = sourcecode.c.h; path = TR4FlybyCamera.h; sourceTree = "<group>"; };
		52EC93ED15ECA240000CF949 /* TR4FlybyCamera.m */ = {isa = PBXFileReference; fileEncoding = 4; lastKnownFileType = sourcecode.c.objc; path = TR4FlybyCamera.m; sourceTree = "<group>"; };
		52EC93EF15ECA421000CF949 /* TR4AIObject.h */ = {isa = PBXFileReference; fileEncoding = 4; lastKnownFileType = sourcecode.c.h; path = TR4AIObject.h; sourceTree = "<group>"; };
		52EC93F015ECA422000CF949 /* TR4AIObject.m */ = {isa = PBXFileReference; fileEncoding = 4; lastKnownFileType = sourcecode.c.objc; path = TR4AIObject.m; sourceTree = "<group>"; };
		52EC93F215ECA4F6000CF949 /* TR4Mesh.h */ = {isa = PBXFileReference; fileEncoding = 4; lastKnownFileType = sourcecode.c.h; path = TR4Mesh.h; sourceTree = "<group>"; };
		52EC93F315ECA4F6000CF949 /* TR4Mesh.m */ = {isa = PBXFileReference; fileEncoding = 4; lastKnownFileType = sourcecode.c.objc; path = TR4Mesh.m; sourceTree = "<group>"; };
		52EC93F515ECC6EA000CF949 /* TR4Texture.h */ = {isa = PBXFileReference; fileEncoding = 4; lastKnownFileType = sourcecode.c.h; path = TR4Texture.h; sourceTree = "<group>"; };
		52EC93F615ECC6EA000CF949 /* TR4Texture.m */ = {isa = PBXFileReference; fileEncoding = 4; lastKnownFileType = sourcecode.c.objc; path = TR4Texture.m; sourceTree = "<group>"; };
		52EC93F815ECC858000CF949 /* TR4Animation.h */ = {isa = PBXFileReference; fileEncoding = 4; lastKnownFileType = sourcecode.c.h; path = TR4Animation.h; sourceTree = "<group>"; };
		52EC93F915ECC858000CF949 /* TR4Animation.m */ = {isa = PBXFileReference; fileEncoding = 4; lastKnownFileType = sourcecode.c.objc; path = TR4Animation.m; sourceTree = "<group>"; };
		52F8987615D8766400AD9031 /* TR Poser.app */ = {isa = PBXFileReference; explicitFileType = wrapper.application; includeInIndex = 0; path = "TR Poser.app"; sourceTree = BUILT_PRODUCTS_DIR; };
		52F8987A15D8766400AD9031 /* Cocoa.framework */ = {isa = PBXFileReference; lastKnownFileType = wrapper.framework; name = Cocoa.framework; path = System/Library/Frameworks/Cocoa.framework; sourceTree = SDKROOT; };
		52F8987D15D8766400AD9031 /* AppKit.framework */ = {isa = PBXFileReference; lastKnownFileType = wrapper.framework; name = AppKit.framework; path = System/Library/Frameworks/AppKit.framework; sourceTree = SDKROOT; };
		52F8987E15D8766400AD9031 /* CoreData.framework */ = {isa = PBXFileReference; lastKnownFileType = wrapper.framework; name = CoreData.framework; path = System/Library/Frameworks/CoreData.framework; sourceTree = SDKROOT; };
		52F8987F15D8766400AD9031 /* Foundation.framework */ = {isa = PBXFileReference; lastKnownFileType = wrapper.framework; name = Foundation.framework; path = System/Library/Frameworks/Foundation.framework; sourceTree = SDKROOT; };
		52F8988215D8766400AD9031 /* TR Poser-Info.plist */ = {isa = PBXFileReference; lastKnownFileType = text.plist.xml; path = "TR Poser-Info.plist"; sourceTree = "<group>"; };
		52F8988415D8766400AD9031 /* en */ = {isa = PBXFileReference; lastKnownFileType = text.plist.strings; name = en; path = en.lproj/InfoPlist.strings; sourceTree = "<group>"; };
		52F8988615D8766400AD9031 /* main.m */ = {isa = PBXFileReference; lastKnownFileType = sourcecode.c.objc; path = main.m; sourceTree = "<group>"; };
		52F8988815D8766400AD9031 /* TR Poser-Prefix.pch */ = {isa = PBXFileReference; lastKnownFileType = sourcecode.c.h; path = "TR Poser-Prefix.pch"; sourceTree = "<group>"; };
		52F8988A15D8766400AD9031 /* en */ = {isa = PBXFileReference; lastKnownFileType = text.rtf; name = en; path = en.lproj/Credits.rtf; sourceTree = "<group>"; };
		52F8988C15D8766400AD9031 /* TRDocument.h */ = {isa = PBXFileReference; lastKnownFileType = sourcecode.c.h; path = TRDocument.h; sourceTree = "<group>"; };
		52F8988D15D8766400AD9031 /* TRDocument.m */ = {isa = PBXFileReference; lastKnownFileType = sourcecode.c.objc; path = TRDocument.m; sourceTree = "<group>"; };
		52F8989015D8766500AD9031 /* en */ = {isa = PBXFileReference; lastKnownFileType = file.xib; name = en; path = en.lproj/TRDocument.xib; sourceTree = "<group>"; };
		52F8989315D8766500AD9031 /* en */ = {isa = PBXFileReference; lastKnownFileType = file.xib; name = en; path = en.lproj/MainMenu.xib; sourceTree = "<group>"; };
		52F8989A15D8766500AD9031 /* TR PoserTests.octest */ = {isa = PBXFileReference; explicitFileType = wrapper.cfbundle; includeInIndex = 0; path = "TR PoserTests.octest"; sourceTree = BUILT_PRODUCTS_DIR; };
		52F8989B15D8766500AD9031 /* SenTestingKit.framework */ = {isa = PBXFileReference; lastKnownFileType = wrapper.framework; name = SenTestingKit.framework; path = Library/Frameworks/SenTestingKit.framework; sourceTree = DEVELOPER_DIR; };
		52F898A215D8766500AD9031 /* TR PoserTests-Info.plist */ = {isa = PBXFileReference; lastKnownFileType = text.plist.xml; path = "TR PoserTests-Info.plist"; sourceTree = "<group>"; };
		52F898A415D8766500AD9031 /* en */ = {isa = PBXFileReference; lastKnownFileType = text.plist.strings; name = en; path = en.lproj/InfoPlist.strings; sourceTree = "<group>"; };
		52F898A615D8766500AD9031 /* TR_PoserTests.h */ = {isa = PBXFileReference; lastKnownFileType = sourcecode.c.h; path = TR_PoserTests.h; sourceTree = "<group>"; };
		52F898A715D8766500AD9031 /* TR_PoserTests.m */ = {isa = PBXFileReference; lastKnownFileType = sourcecode.c.objc; path = TR_PoserTests.m; sourceTree = "<group>"; };
		52F898B315D8769A00AD9031 /* TRInDataStream.h */ = {isa = PBXFileReference; fileEncoding = 4; lastKnownFileType = sourcecode.c.h; path = TRInDataStream.h; sourceTree = "<group>"; };
		52F898B415D8769A00AD9031 /* TRInDataStream.m */ = {isa = PBXFileReference; fileEncoding = 4; lastKnownFileType = sourcecode.c.objc; path = TRInDataStream.m; sourceTree = "<group>"; };
		52F898BF15D87B8D00AD9031 /* TR1Texture.h */ = {isa = PBXFileReference; fileEncoding = 4; lastKnownFileType = sourcecode.c.h; path = TR1Texture.h; sourceTree = "<group>"; };
		52F898C015D87B8D00AD9031 /* TR1Texture.m */ = {isa = PBXFileReference; fileEncoding = 4; lastKnownFileType = sourcecode.c.objc; path = TR1Texture.m; sourceTree = "<group>"; };
		52F898C315D87B9800AD9031 /* TR1StaticMesh.h */ = {isa = PBXFileReference; fileEncoding = 4; lastKnownFileType = sourcecode.c.h; path = TR1StaticMesh.h; sourceTree = "<group>"; };
		52F898C415D87B9800AD9031 /* TR1StaticMesh.m */ = {isa = PBXFileReference; fileEncoding = 4; lastKnownFileType = sourcecode.c.objc; path = TR1StaticMesh.m; sourceTree = "<group>"; };
		52F898C715D87BA700AD9031 /* TR1AnimationDispatch.h */ = {isa = PBXFileReference; fileEncoding = 4; lastKnownFileType = sourcecode.c.h; path = TR1AnimationDispatch.h; sourceTree = "<group>"; };
		52F898C815D87BA700AD9031 /* TR1AnimationDispatch.m */ = {isa = PBXFileReference; fileEncoding = 4; lastKnownFileType = sourcecode.c.objc; path = TR1AnimationDispatch.m; sourceTree = "<group>"; };
		52F898CB15D87BB400AD9031 /* TR1Animation.h */ = {isa = PBXFileReference; fileEncoding = 4; lastKnownFileType = sourcecode.c.h; path = TR1Animation.h; sourceTree = "<group>"; };
		52F898CC15D87BB400AD9031 /* TR1Animation.m */ = {isa = PBXFileReference; fileEncoding = 4; lastKnownFileType = sourcecode.c.objc; path = TR1Animation.m; sourceTree = "<group>"; };
		52F898CF15D87BC500AD9031 /* TR1SpriteTexture.h */ = {isa = PBXFileReference; fileEncoding = 4; lastKnownFileType = sourcecode.c.h; path = TR1SpriteTexture.h; sourceTree = "<group>"; };
		52F898D015D87BC500AD9031 /* TR1SpriteTexture.m */ = {isa = PBXFileReference; fileEncoding = 4; lastKnownFileType = sourcecode.c.objc; path = TR1SpriteTexture.m; sourceTree = "<group>"; };
		52F898D315D87BE400AD9031 /* TR1SpriteSequence.h */ = {isa = PBXFileReference; fileEncoding = 4; lastKnownFileType = sourcecode.c.h; path = TR1SpriteSequence.h; sourceTree = "<group>"; };
		52F898D415D87BE400AD9031 /* TR1SpriteSequence.m */ = {isa = PBXFileReference; fileEncoding = 4; lastKnownFileType = sourcecode.c.objc; path = TR1SpriteSequence.m; sourceTree = "<group>"; };
		52F898D715D87BF900AD9031 /* TR1StateChange.h */ = {isa = PBXFileReference; fileEncoding = 4; lastKnownFileType = sourcecode.c.h; path = TR1StateChange.h; sourceTree = "<group>"; };
		52F898D815D87BF900AD9031 /* TR1StateChange.m */ = {isa = PBXFileReference; fileEncoding = 4; lastKnownFileType = sourcecode.c.objc; path = TR1StateChange.m; sourceTree = "<group>"; };
		52F898DB15D87C1600AD9031 /* TR1Mesh.h */ = {isa = PBXFileReference; fileEncoding = 4; lastKnownFileType = sourcecode.c.h; path = TR1Mesh.h; sourceTree = "<group>"; };
		52F898DC15D87C1600AD9031 /* TR1Mesh.m */ = {isa = PBXFileReference; fileEncoding = 4; lastKnownFileType = sourcecode.c.objc; path = TR1Mesh.m; sourceTree = "<group>"; };
		52F898DF15D87C2500AD9031 /* TR1Room.h */ = {isa = PBXFileReference; fileEncoding = 4; lastKnownFileType = sourcecode.c.h; path = TR1Room.h; sourceTree = "<group>"; };
		52F898E015D87C2500AD9031 /* TR1Room.m */ = {isa = PBXFileReference; fileEncoding = 4; lastKnownFileType = sourcecode.c.objc; path = TR1Room.m; sourceTree = "<group>"; };
		52F898E315D87C3B00AD9031 /* TR1Level.h */ = {isa = PBXFileReference; fileEncoding = 4; lastKnownFileType = sourcecode.c.h; path = TR1Level.h; sourceTree = "<group>"; };
		52F898E415D87C3C00AD9031 /* TR1Level.m */ = {isa = PBXFileReference; fileEncoding = 4; lastKnownFileType = sourcecode.c.objc; path = TR1Level.m; sourceTree = "<group>"; };
		52F898E715D87C5400AD9031 /* TR1MeshFace.h */ = {isa = PBXFileReference; fileEncoding = 4; lastKnownFileType = sourcecode.c.h; path = TR1MeshFace.h; sourceTree = "<group>"; };
		52F898E815D87C5400AD9031 /* TR1MeshFace.m */ = {isa = PBXFileReference; fileEncoding = 4; lastKnownFileType = sourcecode.c.objc; path = TR1MeshFace.m; sourceTree = "<group>"; };
		52F898EB15D87C6F00AD9031 /* TR1RoomVertex.h */ = {isa = PBXFileReference; fileEncoding = 4; lastKnownFileType = sourcecode.c.h; path = TR1RoomVertex.h; sourceTree = "<group>"; };
		52F898EC15D87C6F00AD9031 /* TR1RoomVertex.m */ = {isa = PBXFileReference; fileEncoding = 4; lastKnownFileType = sourcecode.c.objc; path = TR1RoomVertex.m; sourceTree = "<group>"; };
		52F898F315D87C8B00AD9031 /* TR1RoomPortal.h */ = {isa = PBXFileReference; fileEncoding = 4; lastKnownFileType = sourcecode.c.h; path = TR1RoomPortal.h; sourceTree = "<group>"; };
		52F898F415D87C8B00AD9031 /* TR1RoomPortal.m */ = {isa = PBXFileReference; fileEncoding = 4; lastKnownFileType = sourcecode.c.objc; path = TR1RoomPortal.m; sourceTree = "<group>"; };
		52F898F715D87CA100AD9031 /* TR1StaticMeshInstance.h */ = {isa = PBXFileReference; fileEncoding = 4; lastKnownFileType = sourcecode.c.h; path = TR1StaticMeshInstance.h; sourceTree = "<group>"; };
		52F898F815D87CA100AD9031 /* TR1StaticMeshInstance.m */ = {isa = PBXFileReference; fileEncoding = 4; lastKnownFileType = sourcecode.c.objc; path = TR1StaticMeshInstance.m; sourceTree = "<group>"; };
		52F8990315D87CE000AD9031 /* TR1AnimationFrame.h */ = {isa = PBXFileReference; fileEncoding = 4; lastKnownFileType = sourcecode.c.h; path = TR1AnimationFrame.h; sourceTree = "<group>"; };
		52F8990415D87CE000AD9031 /* TR1AnimationFrame.m */ = {isa = PBXFileReference; fileEncoding = 4; lastKnownFileType = sourcecode.c.objc; path = TR1AnimationFrame.m; sourceTree = "<group>"; };
		52F8991315D9551A00AD9031 /* TR1Vertex.h */ = {isa = PBXFileReference; fileEncoding = 4; lastKnownFileType = sourcecode.c.h; path = TR1Vertex.h; sourceTree = "<group>"; };
		52F8991415D9551A00AD9031 /* TR1Vertex.m */ = {isa = PBXFileReference; fileEncoding = 4; lastKnownFileType = sourcecode.c.objc; path = TR1Vertex.m; sourceTree = "<group>"; };
		52F8991715D9560C00AD9031 /* TROutDataStream.h */ = {isa = PBXFileReference; fileEncoding = 4; lastKnownFileType = sourcecode.c.h; path = TROutDataStream.h; sourceTree = "<group>"; };
		52F8991815D9560C00AD9031 /* TROutDataStream.m */ = {isa = PBXFileReference; fileEncoding = 4; lastKnownFileType = sourcecode.c.objc; path = TROutDataStream.m; sourceTree = "<group>"; };
		52F8991A15D95F9900AD9031 /* TR4MeshFace.h */ = {isa = PBXFileReference; fileEncoding = 4; lastKnownFileType = sourcecode.c.h; path = TR4MeshFace.h; sourceTree = "<group>"; };
		52F8991B15D95F9900AD9031 /* TR4MeshFace.m */ = {isa = PBXFileReference; fileEncoding = 4; lastKnownFileType = sourcecode.c.objc; path = TR4MeshFace.m; sourceTree = "<group>"; };
		52F8991E15D962C500AD9031 /* TR3MeshFace.h */ = {isa = PBXFileReference; fileEncoding = 4; lastKnownFileType = sourcecode.c.h; path = TR3MeshFace.h; sourceTree = "<group>"; };
		52F8991F15D962C500AD9031 /* TR3MeshFace.m */ = {isa = PBXFileReference; fileEncoding = 4; lastKnownFileType = sourcecode.c.objc; path = TR3MeshFace.m; sourceTree = "<group>"; };
		52F8992215D979A400AD9031 /* TR1RoomSector.h */ = {isa = PBXFileReference; fileEncoding = 4; lastKnownFileType = sourcecode.c.h; path = TR1RoomSector.h; sourceTree = "<group>"; };
		52F8992315D979A400AD9031 /* TR1RoomSector.m */ = {isa = PBXFileReference; fileEncoding = 4; lastKnownFileType = sourcecode.c.objc; path = TR1RoomSector.m; sourceTree = "<group>"; };
		52F8992615D97D0400AD9031 /* TR1RoomLight.h */ = {isa = PBXFileReference; fileEncoding = 4; lastKnownFileType = sourcecode.c.h; path = TR1RoomLight.h; sourceTree = "<group>"; };
		52F8992715D97D0400AD9031 /* TR1RoomLight.m */ = {isa = PBXFileReference; fileEncoding = 4; lastKnownFileType = sourcecode.c.objc; path = TR1RoomLight.m; sourceTree = "<group>"; };
		52F8992A15D97E0900AD9031 /* TR2RoomLight.h */ = {isa = PBXFileReference; fileEncoding = 4; lastKnownFileType = sourcecode.c.h; path = TR2RoomLight.h; sourceTree = "<group>"; };
		52F8992B15D97E0900AD9031 /* TR2RoomLight.m */ = {isa = PBXFileReference; fileEncoding = 4; lastKnownFileType = sourcecode.c.objc; path = TR2RoomLight.m; sourceTree = "<group>"; };
		52F8992E15D97F6D00AD9031 /* TR2RoomVertex.h */ = {isa = PBXFileReference; fileEncoding = 4; lastKnownFileType = sourcecode.c.h; path = TR2RoomVertex.h; sourceTree = "<group>"; };
		52F8992F15D97F6D00AD9031 /* TR2RoomVertex.m */ = {isa = PBXFileReference; fileEncoding = 4; lastKnownFileType = sourcecode.c.objc; path = TR2RoomVertex.m; sourceTree = "<group>"; };
		52F8993215D9802B00AD9031 /* TR1RoomSprite.h */ = {isa = PBXFileReference; fileEncoding = 4; lastKnownFileType = sourcecode.c.h; path = TR1RoomSprite.h; sourceTree = "<group>"; };
		52F8993315D9802C00AD9031 /* TR1RoomSprite.m */ = {isa = PBXFileReference; fileEncoding = 4; lastKnownFileType = sourcecode.c.objc; path = TR1RoomSprite.m; sourceTree = "<group>"; };
		52F8993A15D9B60200AD9031 /* TR1RoomFace.h */ = {isa = PBXFileReference; fileEncoding = 4; lastKnownFileType = sourcecode.c.h; path = TR1RoomFace.h; sourceTree = "<group>"; };
		52F8993B15D9B60200AD9031 /* TR1RoomFace.m */ = {isa = PBXFileReference; fileEncoding = 4; lastKnownFileType = sourcecode.c.objc; path = TR1RoomFace.m; sourceTree = "<group>"; };
		52F8993E15D9B72300AD9031 /* TR3RoomFace.h */ = {isa = PBXFileReference; fileEncoding = 4; lastKnownFileType = sourcecode.c.h; path = TR3RoomFace.h; sourceTree = "<group>"; };
		52F8993F15D9B72400AD9031 /* TR3RoomFace.m */ = {isa = PBXFileReference; fileEncoding = 4; lastKnownFileType = sourcecode.c.objc; path = TR3RoomFace.m; sourceTree = "<group>"; };
		52F8994215D9BB7000AD9031 /* TR2StaticMeshInstance.h */ = {isa = PBXFileReference; fileEncoding = 4; lastKnownFileType = sourcecode.c.h; path = TR2StaticMeshInstance.h; sourceTree = "<group>"; };
		52F8994315D9BB7100AD9031 /* TR2StaticMeshInstance.m */ = {isa = PBXFileReference; fileEncoding = 4; lastKnownFileType = sourcecode.c.objc; path = TR2StaticMeshInstance.m; sourceTree = "<group>"; };
		52F8994615D9DDEC00AD9031 /* TR1MeshPointer.h */ = {isa = PBXFileReference; fileEncoding = 4; lastKnownFileType = sourcecode.c.h; path = TR1MeshPointer.h; sourceTree = "<group>"; };
		52F8994715D9DDED00AD9031 /* TR1MeshPointer.m */ = {isa = PBXFileReference; fileEncoding = 4; lastKnownFileType = sourcecode.c.objc; path = TR1MeshPointer.m; sourceTree = "<group>"; };
		52F8994A15D9DFB100AD9031 /* TR2Level.h */ = {isa = PBXFileReference; fileEncoding = 4; lastKnownFileType = sourcecode.c.h; path = TR2Level.h; sourceTree = "<group>"; };
		52F8994B15D9DFB200AD9031 /* TR2Level.m */ = {isa = PBXFileReference; fileEncoding = 4; lastKnownFileType = sourcecode.c.objc; path = TR2Level.m; sourceTree = "<group>"; };
		52F8994E15D9DFF700AD9031 /* TR2Room.h */ = {isa = PBXFileReference; fileEncoding = 4; lastKnownFileType = sourcecode.c.h; path = TR2Room.h; sourceTree = "<group>"; };
		52F8994F15D9DFF800AD9031 /* TR2Room.m */ = {isa = PBXFileReference; fileEncoding = 4; lastKnownFileType = sourcecode.c.objc; path = TR2Room.m; sourceTree = "<group>"; };
		52F8995215D9E22C00AD9031 /* TR1Palette8.h */ = {isa = PBXFileReference; fileEncoding = 4; lastKnownFileType = sourcecode.c.h; path = TR1Palette8.h; sourceTree = "<group>"; };
		52F8995315D9E22C00AD9031 /* TR1Palette8.m */ = {isa = PBXFileReference; fileEncoding = 4; lastKnownFileType = sourcecode.c.objc; path = TR1Palette8.m; sourceTree = "<group>"; };
		52F8995615D9E38100AD9031 /* TR2Palette16.h */ = {isa = PBXFileReference; fileEncoding = 4; lastKnownFileType = sourcecode.c.h; path = TR2Palette16.h; sourceTree = "<group>"; };
		52F8995715D9E38200AD9031 /* TR2Palette16.m */ = {isa = PBXFileReference; fileEncoding = 4; lastKnownFileType = sourcecode.c.objc; path = TR2Palette16.m; sourceTree = "<group>"; };
		52F8995A15DA2E7E00AD9031 /* TRPalette.h */ = {isa = PBXFileReference; fileEncoding = 4; lastKnownFileType = sourcecode.c.h; path = TRPalette.h; sourceTree = "<group>"; };
		52F8995B15DA2E7F00AD9031 /* TRPalette.m */ = {isa = PBXFileReference; fileEncoding = 4; lastKnownFileType = sourcecode.c.objc; path = TRPalette.m; sourceTree = "<group>"; };
		52F8995E15DA393700AD9031 /* TRTexturePage.h */ = {isa = PBXFileReference; fileEncoding = 4; lastKnownFileType = sourcecode.c.h; path = TRTexturePage.h; sourceTree = "<group>"; };
		52F8995F15DA393900AD9031 /* TRTexturePage.m */ = {isa = PBXFileReference; fileEncoding = 4; lastKnownFileType = sourcecode.c.objc; path = TRTexturePage.m; sourceTree = "<group>"; };
		52F8996215DA3A2500AD9031 /* TR1TexturePage8.h */ = {isa = PBXFileReference; fileEncoding = 4; lastKnownFileType = sourcecode.c.h; path = TR1TexturePage8.h; sourceTree = "<group>"; };
		52F8996315DA3A2700AD9031 /* TR1TexturePage8.m */ = {isa = PBXFileReference; fileEncoding = 4; lastKnownFileType = sourcecode.c.objc; path = TR1TexturePage8.m; sourceTree = "<group>"; };
		52F8996615DA3C3300AD9031 /* TR2TexturePage16.h */ = {isa = PBXFileReference; fileEncoding = 4; lastKnownFileType = sourcecode.c.h; path = TR2TexturePage16.h; sourceTree = "<group>"; };
		52F8996715DA3C3400AD9031 /* TR2TexturePage16.m */ = {isa = PBXFileReference; fileEncoding = 4; lastKnownFileType = sourcecode.c.objc; path = TR2TexturePage16.m; sourceTree = "<group>"; };
		52F8996A15DA5A9800AD9031 /* TR1FloorDataList.h */ = {isa = PBXFileReference; fileEncoding = 4; lastKnownFileType = sourcecode.c.h; path = TR1FloorDataList.h; sourceTree = "<group>"; };
		52F8996B15DA5A9B00AD9031 /* TR1FloorDataList.m */ = {isa = PBXFileReference; fileEncoding = 4; lastKnownFileType = sourcecode.c.objc; path = TR1FloorDataList.m; sourceTree = "<group>"; };
		52F8996E15DA780200AD9031 /* TRStructure.h */ = {isa = PBXFileReference; fileEncoding = 4; lastKnownFileType = sourcecode.c.h; path = TRStructure.h; sourceTree = "<group>"; };
		52F8996F15DA780400AD9031 /* TRStructure.m */ = {isa = PBXFileReference; fileEncoding = 4; lastKnownFileType = sourcecode.c.objc; path = TRStructure.m; sourceTree = "<group>"; };
		52F8997215DA782500AD9031 /* TRStructureDescription.h */ = {isa = PBXFileReference; fileEncoding = 4; lastKnownFileType = sourcecode.c.h; path = TRStructureDescription.h; sourceTree = "<group>"; };
		52F8997315DA782600AD9031 /* TRStructureDescription.m */ = {isa = PBXFileReference; fileEncoding = 4; lastKnownFileType = sourcecode.c.objc; path = TRStructureDescription.m; sourceTree = "<group>"; };
		52F8997615DA79A600AD9031 /* TRStructureDescriptionValueField.h */ = {isa = PBXFileReference; fileEncoding = 4; lastKnownFileType = sourcecode.c.h; path = TRStructureDescriptionValueField.h; sourceTree = "<group>"; };
		52F8997715DA79A900AD9031 /* TRStructureDescriptionValueField.m */ = {isa = PBXFileReference; fileEncoding = 4; lastKnownFileType = sourcecode.c.objc; path = TRStructureDescriptionValueField.m; sourceTree = "<group>"; };
		52F8997A15DACA5700AD9031 /* TRStructureTest.h */ = {isa = PBXFileReference; fileEncoding = 4; lastKnownFileType = sourcecode.c.h; path = TRStructureTest.h; sourceTree = "<group>"; };
		52F8997B15DACA5700AD9031 /* TRStructureTest.m */ = {isa = PBXFileReference; fileEncoding = 4; lastKnownFileType = sourcecode.c.objc; path = TRStructureTest.m; sourceTree = "<group>"; };
		52F8998115DACDD600AD9031 /* libz.dylib */ = {isa = PBXFileReference; lastKnownFileType = "compiled.mach-o.dylib"; name = libz.dylib; path = usr/lib/libz.dylib; sourceTree = SDKROOT; };
		52F8998415DAE28E00AD9031 /* TR1Item.h */ = {isa = PBXFileReference; fileEncoding = 4; lastKnownFileType = sourcecode.c.h; path = TR1Item.h; sourceTree = "<group>"; };
		52F8998515DAE29100AD9031 /* TR1Item.m */ = {isa = PBXFileReference; fileEncoding = 4; lastKnownFileType = sourcecode.c.objc; path = TR1Item.m; sourceTree = "<group>"; };
		52F8998715DAE42700AD9031 /* TR2Item.h */ = {isa = PBXFileReference; fileEncoding = 4; lastKnownFileType = sourcecode.c.h; path = TR2Item.h; sourceTree = "<group>"; };
		52F8998815DAE42A00AD9031 /* TR2Item.m */ = {isa = PBXFileReference; fileEncoding = 4; lastKnownFileType = sourcecode.c.objc; path = TR2Item.m; sourceTree = "<group>"; };
		52F8998C15DAEABE00AD9031 /* TRStructureDescriptionField.h */ = {isa = PBXFileReference; fileEncoding = 4; indentWidth = 4; lastKnownFileType = sourcecode.c.h; path = TRStructureDescriptionField.h; sourceTree = "<group>"; tabWidth = 4; usesTabs = 1; wrapsLines = 1; };
		52F8998D15DAEAC100AD9031 /* TRStructureDescriptionField.m */ = {isa = PBXFileReference; fileEncoding = 4; indentWidth = 4; lastKnownFileType = sourcecode.c.objc; path = TRStructureDescriptionField.m; sourceTree = "<group>"; tabWidth = 4; usesTabs = 1; wrapsLines = 1; };
		52F8999015DAEB0500AD9031 /* TRStructureDescriptionDerivedProperty.h */ = {isa = PBXFileReference; fileEncoding = 4; lastKnownFileType = sourcecode.c.h; path = TRStructureDescriptionDerivedProperty.h; sourceTree = "<group>"; };
		52F8999115DAEB0800AD9031 /* TRStructureDescriptionDerivedProperty.m */ = {isa = PBXFileReference; fileEncoding = 4; lastKnownFileType = sourcecode.c.objc; path = TRStructureDescriptionDerivedProperty.m; sourceTree = "<group>"; };
		52FB7BB715DC414500DB1E72 /* TRStructureDescriptionFactor.h */ = {isa = PBXFileReference; fileEncoding = 4; lastKnownFileType = sourcecode.c.h; path = TRStructureDescriptionFactor.h; sourceTree = "<group>"; };
		52FB7BB815DC414500DB1E72 /* TRStructureDescriptionFactor.m */ = {isa = PBXFileReference; fileEncoding = 4; lastKnownFileType = sourcecode.c.objc; path = TRStructureDescriptionFactor.m; sourceTree = "<group>"; };
		52FB7BBB15DC425B00DB1E72 /* TR2Box.h */ = {isa = PBXFileReference; fileEncoding = 4; lastKnownFileType = sourcecode.c.h; path = TR2Box.h; sourceTree = "<group>"; };
		52FB7BBC15DC425B00DB1E72 /* TR2Box.m */ = {isa = PBXFileReference; fileEncoding = 4; lastKnownFileType = sourcecode.c.objc; path = TR2Box.m; sourceTree = "<group>"; };
		52FB7BC315DD17EC00DB1E72 /* TRStructure overview.md */ = {isa = PBXFileReference; lastKnownFileType = text; path = "TRStructure overview.md"; sourceTree = "<group>"; };
/* End PBXFileReference section */

/* Begin PBXFrameworksBuildPhase section */
		52F8987315D8766400AD9031 /* Frameworks */ = {
			isa = PBXFrameworksBuildPhase;
			buildActionMask = 2147483647;
			files = (
				52B6A27815E2CF64007EFC77 /* QuartzCore.framework in Frameworks */,
				52B6A27615E2CF5E007EFC77 /* SceneKit.framework in Frameworks */,
				526B670415E276DB00CAE40D /* Accelerate.framework in Frameworks */,
				52F8998215DACDD700AD9031 /* libz.dylib in Frameworks */,
				52F8987B15D8766400AD9031 /* Cocoa.framework in Frameworks */,
			);
			runOnlyForDeploymentPostprocessing = 0;
		};
		52F8989615D8766500AD9031 /* Frameworks */ = {
			isa = PBXFrameworksBuildPhase;
			buildActionMask = 2147483647;
			files = (
				52F8998315DACDE900AD9031 /* libz.dylib in Frameworks */,
				52F8989C15D8766500AD9031 /* SenTestingKit.framework in Frameworks */,
				52F8989D15D8766500AD9031 /* Cocoa.framework in Frameworks */,
			);
			runOnlyForDeploymentPostprocessing = 0;
		};
/* End PBXFrameworksBuildPhase section */

/* Begin PBXGroup section */
		526B66FE15E2323F00CAE40D /* Rendering */ = {
			isa = PBXGroup;
			children = (
				52B6A2D115E59DCB007EFC77 /* SceneKit */,
				52B6A2BE15E530E7007EFC77 /* TRRenderMesh.h */,
				52B6A2BF15E530E8007EFC77 /* TRRenderMesh.m */,
				52B6A2D315E59E13007EFC77 /* TRRenderRoomGeometry.h */,
				52B6A2D415E59E13007EFC77 /* TRRenderRoomGeometry.m */,
				52B6A2AD15E45D20007EFC77 /* TRRenderMoveableDescription.h */,
				52B6A2AE15E45D21007EFC77 /* TRRenderMoveableDescription.m */,
				52B6A2C115E5388F007EFC77 /* TRRenderLevelResources.h */,
				52B6A2C215E53891007EFC77 /* TRRenderLevelResources.m */,
				52B6A2C415E53905007EFC77 /* TRRenderTexture.h */,
				52B6A2C515E53906007EFC77 /* TRRenderTexture.m */,
				52B6A2D615E59F20007EFC77 /* TRRenderElement.h */,
			);
			path = Rendering;
			sourceTree = "<group>";
		};
		52A0938E15E1852D00C36D5C /* Parsing */ = {
			isa = PBXGroup;
			children = (
				52A0939515E1865100C36D5C /* TR4 Level Elements */,
				52A0939415E1864800C36D5C /* TR3 Level Elements */,
				52A0939315E1862600C36D5C /* TR2 Level Elements */,
				52A0939215E185AE00C36D5C /* TR1 Level Elements */,
				52A0939115E1856E00C36D5C /* Structure */,
				52A0939015E1854F00C36D5C /* Data Streams */,
				52F898B115D8766A00AD9031 /* Generic abstract elements */,
			);
			path = Parsing;
			sourceTree = "<group>";
		};
		52A0939015E1854F00C36D5C /* Data Streams */ = {
			isa = PBXGroup;
			children = (
				52F898B315D8769A00AD9031 /* TRInDataStream.h */,
				52F898B415D8769A00AD9031 /* TRInDataStream.m */,
				52F8991715D9560C00AD9031 /* TROutDataStream.h */,
				52F8991815D9560C00AD9031 /* TROutDataStream.m */,
			);
			path = "Data Streams";
			sourceTree = "<group>";
		};
		52A0939115E1856E00C36D5C /* Structure */ = {
			isa = PBXGroup;
			children = (
				52F8996E15DA780200AD9031 /* TRStructure.h */,
				52F8996F15DA780400AD9031 /* TRStructure.m */,
				52F8997215DA782500AD9031 /* TRStructureDescription.h */,
				52F8997315DA782600AD9031 /* TRStructureDescription.m */,
				521F755A15E028A200AB0A73 /* TRStructureDescriptionArrayLength.h */,
				521F755B15E028A300AB0A73 /* TRStructureDescriptionArrayLength.m */,
				52F8998C15DAEABE00AD9031 /* TRStructureDescriptionField.h */,
				52F8998D15DAEAC100AD9031 /* TRStructureDescriptionField.m */,
				521F755415E01F1500AB0A73 /* TRStructureDescriptionSubstreamField.h */,
				521F755515E01F1600AB0A73 /* TRStructureDescriptionSubstreamField.m */,
				521F755115E0160600AB0A73 /* TRStructureDescriptionConstField.h */,
				521F755215E0160600AB0A73 /* TRStructureDescriptionConstField.m */,
				52F8997615DA79A600AD9031 /* TRStructureDescriptionValueField.h */,
				52F8997715DA79A900AD9031 /* TRStructureDescriptionValueField.m */,
				52F8999015DAEB0500AD9031 /* TRStructureDescriptionDerivedProperty.h */,
				52F8999115DAEB0800AD9031 /* TRStructureDescriptionDerivedProperty.m */,
				52FB7BB715DC414500DB1E72 /* TRStructureDescriptionFactor.h */,
				52FB7BB815DC414500DB1E72 /* TRStructureDescriptionFactor.m */,
				521F754E15E00FDE00AB0A73 /* TRStructureDescriptionPrimitiveType.h */,
				521F754F15E00FDE00AB0A73 /* TRStructureDescriptionPrimitiveType.m */,
				52EC93DF15EC1F78000CF949 /* TRStructureDescriptionCompressedField.h */,
				52EC93E015EC1F78000CF949 /* TRStructureDescriptionCompressedField.m */,
			);
			path = Structure;
			sourceTree = "<group>";
		};
		52A0939215E185AE00C36D5C /* TR1 Level Elements */ = {
			isa = PBXGroup;
			children = (
				52F898CB15D87BB400AD9031 /* TR1Animation.h */,
				52F898CC15D87BB400AD9031 /* TR1Animation.m */,
				52F898C715D87BA700AD9031 /* TR1AnimationDispatch.h */,
				52F898C815D87BA700AD9031 /* TR1AnimationDispatch.m */,
				52F8990315D87CE000AD9031 /* TR1AnimationFrame.h */,
				52F8990415D87CE000AD9031 /* TR1AnimationFrame.m */,
				52D8D93715DBA5BE00374481 /* TR1Box.h */,
				52D8D93815DBA5C100374481 /* TR1Box.m */,
				52D8D92B15DB871600374481 /* TR1Camera.h */,
				52D8D92C15DB871800374481 /* TR1Camera.m */,
				52D8D92E15DB87C300374481 /* TR1CinematicFrame.h */,
				52D8D92F15DB87C500374481 /* TR1CinematicFrame.m */,
				52F8996A15DA5A9800AD9031 /* TR1FloorDataList.h */,
				52F8996B15DA5A9B00AD9031 /* TR1FloorDataList.m */,
				52F8998415DAE28E00AD9031 /* TR1Item.h */,
				52F8998515DAE29100AD9031 /* TR1Item.m */,
				52F898E315D87C3B00AD9031 /* TR1Level.h */,
				52F898E415D87C3C00AD9031 /* TR1Level.m */,
				52F898DB15D87C1600AD9031 /* TR1Mesh.h */,
				52F898DC15D87C1600AD9031 /* TR1Mesh.m */,
				52F898E715D87C5400AD9031 /* TR1MeshFace.h */,
				52F898E815D87C5400AD9031 /* TR1MeshFace.m */,
				52F8994615D9DDEC00AD9031 /* TR1MeshPointer.h */,
				52F8994715D9DDED00AD9031 /* TR1MeshPointer.m */,
				52F8991315D9551A00AD9031 /* TR1Vertex.h */,
				52F8991415D9551A00AD9031 /* TR1Vertex.m */,
				52F898DF15D87C2500AD9031 /* TR1Room.h */,
				52F898E015D87C2500AD9031 /* TR1Room.m */,
				52F8993A15D9B60200AD9031 /* TR1RoomFace.h */,
				52F8993B15D9B60200AD9031 /* TR1RoomFace.m */,
				52F8992615D97D0400AD9031 /* TR1RoomLight.h */,
				52F8992715D97D0400AD9031 /* TR1RoomLight.m */,
				52F898F315D87C8B00AD9031 /* TR1RoomPortal.h */,
				52F898F415D87C8B00AD9031 /* TR1RoomPortal.m */,
				52F8992215D979A400AD9031 /* TR1RoomSector.h */,
				52F8992315D979A400AD9031 /* TR1RoomSector.m */,
				52F8993215D9802B00AD9031 /* TR1RoomSprite.h */,
				52F8993315D9802C00AD9031 /* TR1RoomSprite.m */,
				52F898EB15D87C6F00AD9031 /* TR1RoomVertex.h */,
				52F898EC15D87C6F00AD9031 /* TR1RoomVertex.m */,
				52D8D93415DBA2C100374481 /* TR1SoundDetails.h */,
				52D8D93515DBA2C400374481 /* TR1SoundDetails.m */,
				52D8D93115DBA21600374481 /* TR1SoundSource.h */,
				52D8D93215DBA21900374481 /* TR1SoundSource.m */,
				52F898D315D87BE400AD9031 /* TR1SpriteSequence.h */,
				52F898D415D87BE400AD9031 /* TR1SpriteSequence.m */,
				52F898CF15D87BC500AD9031 /* TR1SpriteTexture.h */,
				52F898D015D87BC500AD9031 /* TR1SpriteTexture.m */,
				52F898D715D87BF900AD9031 /* TR1StateChange.h */,
				52F898D815D87BF900AD9031 /* TR1StateChange.m */,
				52F898C315D87B9800AD9031 /* TR1StaticMesh.h */,
				52F898C415D87B9800AD9031 /* TR1StaticMesh.m */,
				52F898F715D87CA100AD9031 /* TR1StaticMeshInstance.h */,
				52F898F815D87CA100AD9031 /* TR1StaticMeshInstance.m */,
				52F898BF15D87B8D00AD9031 /* TR1Texture.h */,
				52F898C015D87B8D00AD9031 /* TR1Texture.m */,
				52D8D92815DB85AF00374481 /* TR1TextureVertex.h */,
				52D8D92915DB85B100374481 /* TR1TextureVertex.m */,
				527539FF15E0E64D00AF4324 /* TR1Zone.h */,
				52753A0015E0E64F00AF4324 /* TR1Zone.m */,
				52F8995215D9E22C00AD9031 /* TR1Palette8.h */,
				52F8995315D9E22C00AD9031 /* TR1Palette8.m */,
				52F8996215DA3A2500AD9031 /* TR1TexturePage8.h */,
				52F8996315DA3A2700AD9031 /* TR1TexturePage8.m */,
				527539EA15E055B200AF4324 /* TR1AnimationCommandList.h */,
				527539EB15E055B300AF4324 /* TR1AnimationCommandList.m */,
				527539F115E05C3C00AF4324 /* TR1MeshTree.h */,
				527539F215E05C3D00AF4324 /* TR1MeshTree.m */,
				527539F415E05D6E00AF4324 /* TR1FrameData.h */,
				527539F515E05D6F00AF4324 /* TR1FrameData.m */,
				527539F715E05E1900AF4324 /* TR1Moveable.h */,
				527539F815E05E1A00AF4324 /* TR1Moveable.m */,
				52753A0515E0E79300AF4324 /* TR1Lightmap.h */,
				52753A0615E0E79400AF4324 /* TR1Lightmap.m */,
				52753A0815E0E8AB00AF4324 /* TR1SoundMap.h */,
				52753A0915E0E8AE00AF4324 /* TR1SoundMap.m */,
				52753A0E15E0E9CE00AF4324 /* TR1SoundDetail.h */,
				52753A0F15E0E9D000AF4324 /* TR1SoundDetail.m */,
				52AA119B15E1983400895F44 /* TR1SampleList.h */,
				52AA119C15E1983400895F44 /* TR1SampleList.m */,
			);
			path = "TR1 Level Elements";
			sourceTree = "<group>";
		};
		52A0939315E1862600C36D5C /* TR2 Level Elements */ = {
			isa = PBXGroup;
			children = (
				52FB7BBB15DC425B00DB1E72 /* TR2Box.h */,
				52FB7BBC15DC425B00DB1E72 /* TR2Box.m */,
				52F8998715DAE42700AD9031 /* TR2Item.h */,
				52F8998815DAE42A00AD9031 /* TR2Item.m */,
				52F8994A15D9DFB100AD9031 /* TR2Level.h */,
				52F8994B15D9DFB200AD9031 /* TR2Level.m */,
				52F8994E15D9DFF700AD9031 /* TR2Room.h */,
				52F8994F15D9DFF800AD9031 /* TR2Room.m */,
				52F8992A15D97E0900AD9031 /* TR2RoomLight.h */,
				52F8992B15D97E0900AD9031 /* TR2RoomLight.m */,
				52F8992E15D97F6D00AD9031 /* TR2RoomVertex.h */,
				52F8992F15D97F6D00AD9031 /* TR2RoomVertex.m */,
				52F8994215D9BB7000AD9031 /* TR2StaticMeshInstance.h */,
				52F8994315D9BB7100AD9031 /* TR2StaticMeshInstance.m */,
				52753A0215E0E6E500AF4324 /* TR2Zone.h */,
				52753A0315E0E6E700AF4324 /* TR2Zone.m */,
				52F8995615D9E38100AD9031 /* TR2Palette16.h */,
				52F8995715D9E38200AD9031 /* TR2Palette16.m */,
				52F8996615DA3C3300AD9031 /* TR2TexturePage16.h */,
				52F8996715DA3C3400AD9031 /* TR2TexturePage16.m */,
				52753A0B15E0E94E00AF4324 /* TR2SoundMap.h */,
				52753A0C15E0E95000AF4324 /* TR2SoundMap.m */,
				52AA11CA15E4FC4800895F44 /* TR2FrameData.h */,
				52AA11CB15E4FC4800895F44 /* TR2FrameData.m */,
			);
			path = "TR2 Level Elements";
			sourceTree = "<group>";
		};
		52A0939415E1864800C36D5C /* TR3 Level Elements */ = {
			isa = PBXGroup;
			children = (
				52F8993E15D9B72300AD9031 /* TR3RoomFace.h */,
				52F8993F15D9B72400AD9031 /* TR3RoomFace.m */,
				52F8991E15D962C500AD9031 /* TR3MeshFace.h */,
				52F8991F15D962C500AD9031 /* TR3MeshFace.m */,
				52AA11A315E1A57400895F44 /* TR3Room.h */,
				52AA11A415E1A57400895F44 /* TR3Room.m */,
				52AA11A615E1A67400895F44 /* TR3RoomLight.h */,
				52AA11A715E1A67400895F44 /* TR3RoomLight.m */,
				52AA11A915E1A8C900895F44 /* TR3RoomVertex.h */,
				52AA11AA15E1A8C900895F44 /* TR3RoomVertex.m */,
				52AA11AC15E1AB4E00895F44 /* TR3StaticMeshInstance.h */,
				52AA11AD15E1AB4E00895F44 /* TR3StaticMeshInstance.m */,
				52AA11AF15E1ACA700895F44 /* TR3Level.h */,
				52AA11B015E1ACA700895F44 /* TR3Level.m */,
			);
			path = "TR3 Level Elements";
			sourceTree = "<group>";
		};
		52A0939515E1865100C36D5C /* TR4 Level Elements */ = {
			isa = PBXGroup;
			children = (
				52F8991A15D95F9900AD9031 /* TR4MeshFace.h */,
				52F8991B15D95F9900AD9031 /* TR4MeshFace.m */,
				52EC93D915EC18A5000CF949 /* TR4Level.h */,
				52EC93DA15EC18A5000CF949 /* TR4Level.m */,
				52EC93DC15EC1C3E000CF949 /* TR4Sound.h */,
				52EC93DD15EC1C3E000CF949 /* TR4Sound.m */,
				52EC93E615EC276F000CF949 /* TR4TexturePage32.h */,
				52EC93E715EC2770000CF949 /* TR4TexturePage32.m */,
				52EC93E915ECA153000CF949 /* TR4RoomLight.h */,
				52EC93EA15ECA153000CF949 /* TR4RoomLight.m */,
				52EC93EC15ECA240000CF949 /* TR4FlybyCamera.h */,
				52EC93ED15ECA240000CF949 /* TR4FlybyCamera.m */,
				52EC93EF15ECA421000CF949 /* TR4AIObject.h */,
				52EC93F015ECA422000CF949 /* TR4AIObject.m */,
				52EC93F215ECA4F6000CF949 /* TR4Mesh.h */,
				52EC93F315ECA4F6000CF949 /* TR4Mesh.m */,
				52EC93F515ECC6EA000CF949 /* TR4Texture.h */,
				52EC93F615ECC6EA000CF949 /* TR4Texture.m */,
				52EC93F815ECC858000CF949 /* TR4Animation.h */,
				52EC93F915ECC858000CF949 /* TR4Animation.m */,
			);
			path = "TR4 Level Elements";
			sourceTree = "<group>";
		};
		52B6A2D115E59DCB007EFC77 /* SceneKit */ = {
			isa = PBXGroup;
			children = (
				526B670015E238ED00CAE40D /* TRRenderLevelResourcesSCN.h */,
				526B670115E238ED00CAE40D /* TRRenderLevelResourcesSCN.m */,
				52B6A27115E2CF50007EFC77 /* TRRenderMeshSCN.h */,
				52B6A27215E2CF50007EFC77 /* TRRenderMeshSCN.m */,
				52B6A27915E2E1A7007EFC77 /* TRRenderCategoriesSCN.h */,
				52B6A27A15E2E1A7007EFC77 /* TRRenderCategoriesSCN.m */,
				52B6A29415E3E801007EFC77 /* TRRenderRoomSCN.h */,
				52B6A29515E3E801007EFC77 /* TRRenderRoomSCN.m */,
				52B6A29F15E44B6C007EFC77 /* TRRenderMoveableSCN.h */,
				52B6A2A015E44B6C007EFC77 /* TRRenderMoveableSCN.m */,
				52B6A2A615E4575E007EFC77 /* TRRenderRoomGeometrySCN.h */,
				52B6A2A715E4575E007EFC77 /* TRRenderRoomGeometrySCN.m */,
				52B6A2AA15E459B1007EFC77 /* TRRenderLevelSCN.h */,
				52B6A2AB15E459B1007EFC77 /* TRRenderLevelSCN.m */,
			);
			name = SceneKit;
			sourceTree = "<group>";
		};
		52F8986B15D8766400AD9031 = {
			isa = PBXGroup;
			children = (
				52FB7BC315DD17EC00DB1E72 /* TRStructure overview.md */,
				52F8988015D8766400AD9031 /* TR Poser */,
				52F898A015D8766500AD9031 /* TR PoserTests */,
				52F8987915D8766400AD9031 /* Frameworks */,
				52F8987715D8766400AD9031 /* Products */,
			);
			sourceTree = "<group>";
		};
		52F8987715D8766400AD9031 /* Products */ = {
			isa = PBXGroup;
			children = (
				52F8987615D8766400AD9031 /* TR Poser.app */,
				52F8989A15D8766500AD9031 /* TR PoserTests.octest */,
			);
			name = Products;
			sourceTree = "<group>";
		};
		52F8987915D8766400AD9031 /* Frameworks */ = {
			isa = PBXGroup;
			children = (
				52B6A27715E2CF64007EFC77 /* QuartzCore.framework */,
				52B6A27515E2CF5E007EFC77 /* SceneKit.framework */,
				52F8998115DACDD600AD9031 /* libz.dylib */,
				526B670315E276DB00CAE40D /* Accelerate.framework */,
				52F8987A15D8766400AD9031 /* Cocoa.framework */,
				52F8989B15D8766500AD9031 /* SenTestingKit.framework */,
				52F8987C15D8766400AD9031 /* Other Frameworks */,
			);
			name = Frameworks;
			sourceTree = "<group>";
		};
		52F8987C15D8766400AD9031 /* Other Frameworks */ = {
			isa = PBXGroup;
			children = (
				52F8987D15D8766400AD9031 /* AppKit.framework */,
				52F8987E15D8766400AD9031 /* CoreData.framework */,
				52F8987F15D8766400AD9031 /* Foundation.framework */,
			);
			name = "Other Frameworks";
			sourceTree = "<group>";
		};
		52F8988015D8766400AD9031 /* TR Poser */ = {
			isa = PBXGroup;
			children = (
				526B66FE15E2323F00CAE40D /* Rendering */,
				52A0938E15E1852D00C36D5C /* Parsing */,
				52F8988C15D8766400AD9031 /* TRDocument.h */,
				52F8988D15D8766400AD9031 /* TRDocument.m */,
				52F8988F15D8766500AD9031 /* TRDocument.xib */,
				52F8989215D8766500AD9031 /* MainMenu.xib */,
				52F8988115D8766400AD9031 /* Supporting Files */,
			);
			path = "TR Poser";
			sourceTree = "<group>";
		};
		52F8988115D8766400AD9031 /* Supporting Files */ = {
			isa = PBXGroup;
			children = (
				52F8988215D8766400AD9031 /* TR Poser-Info.plist */,
				52F8988315D8766400AD9031 /* InfoPlist.strings */,
				52F8988615D8766400AD9031 /* main.m */,
				52F8988815D8766400AD9031 /* TR Poser-Prefix.pch */,
				52F8988915D8766400AD9031 /* Credits.rtf */,
			);
			name = "Supporting Files";
			sourceTree = "<group>";
		};
		52F898A015D8766500AD9031 /* TR PoserTests */ = {
			isa = PBXGroup;
			children = (
				52F898A615D8766500AD9031 /* TR_PoserTests.h */,
				52F898A715D8766500AD9031 /* TR_PoserTests.m */,
				52F898A115D8766500AD9031 /* Supporting Files */,
				52F8997A15DACA5700AD9031 /* TRStructureTest.h */,
				52F8997B15DACA5700AD9031 /* TRStructureTest.m */,
				521F754815DFFF3400AB0A73 /* TRLevelTest_GreatWall.h */,
				521F754915DFFF3400AB0A73 /* TRLevelTest_GreatWall.m */,
				521F755715E0232000AB0A73 /* TRStructureSubstreamTest.h */,
				521F755815E0232000AB0A73 /* TRStructureSubstreamTest.m */,
				52AA119715E18F5A00895F44 /* TRLevelTest_Caves.h */,
				52AA119815E18F5A00895F44 /* TRLevelTest_Caves.m */,
				52AA11B215E1AE8000895F44 /* TRLevelTest_Jungle.h */,
				52AA11B315E1AE8000895F44 /* TRLevelTest_Jungle.m */,
				52EC93D515EC17F6000CF949 /* TRLevelTest_Cleopal.h */,
				52EC93D615EC17F6000CF949 /* TRLevelTest_Cleopal.m */,
			);
			path = "TR PoserTests";
			sourceTree = "<group>";
		};
		52F898A115D8766500AD9031 /* Supporting Files */ = {
			isa = PBXGroup;
			children = (
				52F898A215D8766500AD9031 /* TR PoserTests-Info.plist */,
				52F898A315D8766500AD9031 /* InfoPlist.strings */,
			);
			name = "Supporting Files";
			sourceTree = "<group>";
		};
		52F898B115D8766A00AD9031 /* Generic abstract elements */ = {
			isa = PBXGroup;
			children = (
				52AA11C615E4F9B700895F44 /* TRFrame.h */,
				52AA11C715E4F9B700895F44 /* TRFrame.m */,
				52F8995A15DA2E7E00AD9031 /* TRPalette.h */,
				52F8995B15DA2E7F00AD9031 /* TRPalette.m */,
				52F8995E15DA393700AD9031 /* TRTexturePage.h */,
				52F8995F15DA393900AD9031 /* TRTexturePage.m */,
			);
			path = "Generic abstract elements";
			sourceTree = "<group>";
		};
/* End PBXGroup section */

/* Begin PBXNativeTarget section */
		52F8987515D8766400AD9031 /* TR Poser */ = {
			isa = PBXNativeTarget;
			buildConfigurationList = 52F898AB15D8766500AD9031 /* Build configuration list for PBXNativeTarget "TR Poser" */;
			buildPhases = (
				52F8987215D8766400AD9031 /* Sources */,
				52F8987315D8766400AD9031 /* Frameworks */,
				52F8987415D8766400AD9031 /* Resources */,
			);
			buildRules = (
			);
			dependencies = (
			);
			name = "TR Poser";
			productName = "TR Poser";
			productReference = 52F8987615D8766400AD9031 /* TR Poser.app */;
			productType = "com.apple.product-type.application";
		};
		52F8989915D8766500AD9031 /* TR PoserTests */ = {
			isa = PBXNativeTarget;
			buildConfigurationList = 52F898AE15D8766500AD9031 /* Build configuration list for PBXNativeTarget "TR PoserTests" */;
			buildPhases = (
				52F8989515D8766500AD9031 /* Sources */,
				52F8989615D8766500AD9031 /* Frameworks */,
				52F8989715D8766500AD9031 /* Resources */,
				52F8989815D8766500AD9031 /* ShellScript */,
			);
			buildRules = (
			);
			dependencies = (
				52F8989F15D8766500AD9031 /* PBXTargetDependency */,
			);
			name = "TR PoserTests";
			productName = "TR PoserTests";
			productReference = 52F8989A15D8766500AD9031 /* TR PoserTests.octest */;
			productType = "com.apple.product-type.bundle";
		};
/* End PBXNativeTarget section */

/* Begin PBXProject section */
		52F8986D15D8766400AD9031 /* Project object */ = {
			isa = PBXProject;
			attributes = {
				CLASSPREFIX = TR;
				LastUpgradeCheck = 0440;
				ORGANIZATIONNAME = "Torsten Kammer";
			};
			buildConfigurationList = 52F8987015D8766400AD9031 /* Build configuration list for PBXProject "TR Poser" */;
			compatibilityVersion = "Xcode 3.2";
			developmentRegion = English;
			hasScannedForEncodings = 0;
			knownRegions = (
				en,
			);
			mainGroup = 52F8986B15D8766400AD9031;
			productRefGroup = 52F8987715D8766400AD9031 /* Products */;
			projectDirPath = "";
			projectRoot = "";
			targets = (
				52F8987515D8766400AD9031 /* TR Poser */,
				52F8989915D8766500AD9031 /* TR PoserTests */,
			);
		};
/* End PBXProject section */

/* Begin PBXResourcesBuildPhase section */
		52F8987415D8766400AD9031 /* Resources */ = {
			isa = PBXResourcesBuildPhase;
			buildActionMask = 2147483647;
			files = (
				52F8988515D8766400AD9031 /* InfoPlist.strings in Resources */,
				52F8988B15D8766400AD9031 /* Credits.rtf in Resources */,
				52F8989115D8766500AD9031 /* TRDocument.xib in Resources */,
				52F8989415D8766500AD9031 /* MainMenu.xib in Resources */,
			);
			runOnlyForDeploymentPostprocessing = 0;
		};
		52F8989715D8766500AD9031 /* Resources */ = {
			isa = PBXResourcesBuildPhase;
			buildActionMask = 2147483647;
			files = (
				52F898A515D8766500AD9031 /* InfoPlist.strings in Resources */,
			);
			runOnlyForDeploymentPostprocessing = 0;
		};
/* End PBXResourcesBuildPhase section */

/* Begin PBXShellScriptBuildPhase section */
		52F8989815D8766500AD9031 /* ShellScript */ = {
			isa = PBXShellScriptBuildPhase;
			buildActionMask = 2147483647;
			files = (
			);
			inputPaths = (
			);
			outputPaths = (
			);
			runOnlyForDeploymentPostprocessing = 0;
			shellPath = /bin/sh;
			shellScript = "# Run the unit tests in this test bundle.\n\"${SYSTEM_DEVELOPER_DIR}/Tools/RunUnitTests\"\n";
		};
/* End PBXShellScriptBuildPhase section */

/* Begin PBXSourcesBuildPhase section */
		52F8987215D8766400AD9031 /* Sources */ = {
			isa = PBXSourcesBuildPhase;
			buildActionMask = 2147483647;
			files = (
				52F8988715D8766400AD9031 /* main.m in Sources */,
				52F8988E15D8766400AD9031 /* TRDocument.m in Sources */,
				52F898B515D8769A00AD9031 /* TRInDataStream.m in Sources */,
				52F898C115D87B8D00AD9031 /* TR1Texture.m in Sources */,
				52F898C515D87B9800AD9031 /* TR1StaticMesh.m in Sources */,
				52F898C915D87BA700AD9031 /* TR1AnimationDispatch.m in Sources */,
				52F898CD15D87BB400AD9031 /* TR1Animation.m in Sources */,
				52F898D115D87BC500AD9031 /* TR1SpriteTexture.m in Sources */,
				52F898D515D87BE400AD9031 /* TR1SpriteSequence.m in Sources */,
				52F898D915D87BFA00AD9031 /* TR1StateChange.m in Sources */,
				52F898DD15D87C1600AD9031 /* TR1Mesh.m in Sources */,
				52F898E115D87C2600AD9031 /* TR1Room.m in Sources */,
				52F898E515D87C3C00AD9031 /* TR1Level.m in Sources */,
				52F898E915D87C5400AD9031 /* TR1MeshFace.m in Sources */,
				52F898ED15D87C6F00AD9031 /* TR1RoomVertex.m in Sources */,
				52F898F515D87C8C00AD9031 /* TR1RoomPortal.m in Sources */,
				52F898F915D87CA100AD9031 /* TR1StaticMeshInstance.m in Sources */,
				52F8990515D87CE100AD9031 /* TR1AnimationFrame.m in Sources */,
				52F8991515D9551A00AD9031 /* TR1Vertex.m in Sources */,
				52F8991915D9560C00AD9031 /* TROutDataStream.m in Sources */,
				52F8991C15D95F9900AD9031 /* TR4MeshFace.m in Sources */,
				52F8992015D962C500AD9031 /* TR3MeshFace.m in Sources */,
				52F8992415D979A400AD9031 /* TR1RoomSector.m in Sources */,
				52F8992815D97D0500AD9031 /* TR1RoomLight.m in Sources */,
				52F8992C15D97E0A00AD9031 /* TR2RoomLight.m in Sources */,
				52F8993015D97F6D00AD9031 /* TR2RoomVertex.m in Sources */,
				52F8993415D9802C00AD9031 /* TR1RoomSprite.m in Sources */,
				52F8993C15D9B60300AD9031 /* TR1RoomFace.m in Sources */,
				52F8994015D9B72400AD9031 /* TR3RoomFace.m in Sources */,
				52F8994415D9BB7200AD9031 /* TR2StaticMeshInstance.m in Sources */,
				52F8994815D9DDEE00AD9031 /* TR1MeshPointer.m in Sources */,
				52F8994C15D9DFB400AD9031 /* TR2Level.m in Sources */,
				52F8995015D9DFF900AD9031 /* TR2Room.m in Sources */,
				52F8995415D9E22E00AD9031 /* TR1Palette8.m in Sources */,
				52F8995815D9E38400AD9031 /* TR2Palette16.m in Sources */,
				52F8995C15DA2E8100AD9031 /* TRPalette.m in Sources */,
				52F8996015DA393A00AD9031 /* TRTexturePage.m in Sources */,
				52F8996415DA3A2900AD9031 /* TR1TexturePage8.m in Sources */,
				52F8996815DA3C3600AD9031 /* TR2TexturePage16.m in Sources */,
				52F8996C15DA5A9E00AD9031 /* TR1FloorDataList.m in Sources */,
				52F8997015DA780700AD9031 /* TRStructure.m in Sources */,
				52F8997415DA782900AD9031 /* TRStructureDescription.m in Sources */,
				52F8997815DA79AB00AD9031 /* TRStructureDescriptionValueField.m in Sources */,
				52F8998615DAE29500AD9031 /* TR1Item.m in Sources */,
				52F8998915DAE42E00AD9031 /* TR2Item.m in Sources */,
				52F8998E15DAEAC600AD9031 /* TRStructureDescriptionField.m in Sources */,
				52F8999215DAEB0D00AD9031 /* TRStructureDescriptionDerivedProperty.m in Sources */,
				52D8D92A15DB85B300374481 /* TR1TextureVertex.m in Sources */,
				52D8D92D15DB871A00374481 /* TR1Camera.m in Sources */,
				52D8D93015DB87C800374481 /* TR1CinematicFrame.m in Sources */,
				52D8D93315DBA21C00374481 /* TR1SoundSource.m in Sources */,
				52D8D93615DBA2C800374481 /* TR1SoundDetails.m in Sources */,
				52D8D93915DBA5C400374481 /* TR1Box.m in Sources */,
				52FB7BB915DC414500DB1E72 /* TRStructureDescriptionFactor.m in Sources */,
				52FB7BBD15DC425B00DB1E72 /* TR2Box.m in Sources */,
				521F755015E00FDE00AB0A73 /* TRStructureDescriptionPrimitiveType.m in Sources */,
				521F755315E0160600AB0A73 /* TRStructureDescriptionConstField.m in Sources */,
				521F755615E01F1700AB0A73 /* TRStructureDescriptionSubstreamField.m in Sources */,
				521F755C15E028A400AB0A73 /* TRStructureDescriptionArrayLength.m in Sources */,
				527539EC15E055B400AF4324 /* TR1AnimationCommandList.m in Sources */,
				527539F315E05C3E00AF4324 /* TR1MeshTree.m in Sources */,
				527539F615E05D7000AF4324 /* TR1FrameData.m in Sources */,
				527539F915E05E1C00AF4324 /* TR1Moveable.m in Sources */,
				52753A0115E0E65100AF4324 /* TR1Zone.m in Sources */,
				52753A0415E0E6E900AF4324 /* TR2Zone.m in Sources */,
				52753A0715E0E79700AF4324 /* TR1Lightmap.m in Sources */,
				52753A0A15E0E8B000AF4324 /* TR1SoundMap.m in Sources */,
				52753A0D15E0E95300AF4324 /* TR2SoundMap.m in Sources */,
				52753A1015E0E9D200AF4324 /* TR1SoundDetail.m in Sources */,
				52AA119D15E1983400895F44 /* TR1SampleList.m in Sources */,
				52AA11A515E1A57400895F44 /* TR3Room.m in Sources */,
				52AA11A815E1A67400895F44 /* TR3RoomLight.m in Sources */,
				52AA11AB15E1A8C900895F44 /* TR3RoomVertex.m in Sources */,
				52AA11AE15E1AB4E00895F44 /* TR3StaticMeshInstance.m in Sources */,
				52AA11B115E1ACA700895F44 /* TR3Level.m in Sources */,
				526B670215E238ED00CAE40D /* TRRenderLevelResourcesSCN.m in Sources */,
				52B6A27315E2CF50007EFC77 /* TRRenderMeshSCN.m in Sources */,
				52B6A27B15E2E1A7007EFC77 /* TRRenderCategoriesSCN.m in Sources */,
				52B6A29615E3E801007EFC77 /* TRRenderRoomSCN.m in Sources */,
				52B6A2A115E44B6C007EFC77 /* TRRenderMoveableSCN.m in Sources */,
				52B6A2A815E4575F007EFC77 /* TRRenderRoomGeometrySCN.m in Sources */,
				52B6A2AC15E459B2007EFC77 /* TRRenderLevelSCN.m in Sources */,
				52B6A2AF15E45D22007EFC77 /* TRRenderMoveableDescription.m in Sources */,
				52AA11C815E4F9B700895F44 /* TRFrame.m in Sources */,
				52AA11CC15E4FC4800895F44 /* TR2FrameData.m in Sources */,
				52B6A2C015E530E9007EFC77 /* TRRenderMesh.m in Sources */,
				52B6A2C315E53892007EFC77 /* TRRenderLevelResources.m in Sources */,
				52B6A2C615E53908007EFC77 /* TRRenderTexture.m in Sources */,
				52B6A2D515E59E13007EFC77 /* TRRenderRoomGeometry.m in Sources */,
				52EC93DB15EC18A5000CF949 /* TR4Level.m in Sources */,
				52EC93DE15EC1C3E000CF949 /* TR4Sound.m in Sources */,
				52EC93E115EC1F78000CF949 /* TRStructureDescriptionCompressedField.m in Sources */,
				52EC93E815EC2770000CF949 /* TR4TexturePage32.m in Sources */,
				52EC93EB15ECA153000CF949 /* TR4RoomLight.m in Sources */,
				52EC93EE15ECA241000CF949 /* TR4FlybyCamera.m in Sources */,
				52EC93F115ECA422000CF949 /* TR4AIObject.m in Sources */,
				52EC93F415ECA4F6000CF949 /* TR4Mesh.m in Sources */,
				52EC93F715ECC6EB000CF949 /* TR4Texture.m in Sources */,
				52EC93FA15ECC859000CF949 /* TR4Animation.m in Sources */,
			);
			runOnlyForDeploymentPostprocessing = 0;
		};
		52F8989515D8766500AD9031 /* Sources */ = {
			isa = PBXSourcesBuildPhase;
			buildActionMask = 2147483647;
			files = (
				52F898A815D8766500AD9031 /* TR_PoserTests.m in Sources */,
				52F8997C15DACA5700AD9031 /* TRStructureTest.m in Sources */,
				521F754A15DFFF3400AB0A73 /* TRLevelTest_GreatWall.m in Sources */,
				521F755915E0232000AB0A73 /* TRStructureSubstreamTest.m in Sources */,
				52AA119915E18F5A00895F44 /* TRLevelTest_Caves.m in Sources */,
				52AA11B415E1AE8000895F44 /* TRLevelTest_Jungle.m in Sources */,
				52EC93D715EC17F6000CF949 /* TRLevelTest_Cleopal.m in Sources */,
			);
			runOnlyForDeploymentPostprocessing = 0;
		};
/* End PBXSourcesBuildPhase section */

/* Begin PBXTargetDependency section */
		52F8989F15D8766500AD9031 /* PBXTargetDependency */ = {
			isa = PBXTargetDependency;
			target = 52F8987515D8766400AD9031 /* TR Poser */;
			targetProxy = 52F8989E15D8766500AD9031 /* PBXContainerItemProxy */;
		};
/* End PBXTargetDependency section */

/* Begin PBXVariantGroup section */
		52F8988315D8766400AD9031 /* InfoPlist.strings */ = {
			isa = PBXVariantGroup;
			children = (
				52F8988415D8766400AD9031 /* en */,
			);
			name = InfoPlist.strings;
			sourceTree = "<group>";
		};
		52F8988915D8766400AD9031 /* Credits.rtf */ = {
			isa = PBXVariantGroup;
			children = (
				52F8988A15D8766400AD9031 /* en */,
			);
			name = Credits.rtf;
			sourceTree = "<group>";
		};
		52F8988F15D8766500AD9031 /* TRDocument.xib */ = {
			isa = PBXVariantGroup;
			children = (
				52F8989015D8766500AD9031 /* en */,
			);
			name = TRDocument.xib;
			sourceTree = "<group>";
		};
		52F8989215D8766500AD9031 /* MainMenu.xib */ = {
			isa = PBXVariantGroup;
			children = (
				52F8989315D8766500AD9031 /* en */,
			);
			name = MainMenu.xib;
			sourceTree = "<group>";
		};
		52F898A315D8766500AD9031 /* InfoPlist.strings */ = {
			isa = PBXVariantGroup;
			children = (
				52F898A415D8766500AD9031 /* en */,
			);
			name = InfoPlist.strings;
			sourceTree = "<group>";
		};
/* End PBXVariantGroup section */

/* Begin XCBuildConfiguration section */
		52F898A915D8766500AD9031 /* Debug */ = {
			isa = XCBuildConfiguration;
			buildSettings = {
				ALWAYS_SEARCH_USER_PATHS = NO;
				ARCHS = "$(ARCHS_STANDARD_64_BIT)";
				CLANG_CXX_LANGUAGE_STANDARD = "gnu++0x";
				CLANG_ENABLE_OBJC_ARC = YES;
				CLANG_WARN__DUPLICATE_METHOD_MATCH = YES;
				COPY_PHASE_STRIP = NO;
				GCC_C_LANGUAGE_STANDARD = gnu99;
				GCC_DYNAMIC_NO_PIC = NO;
				GCC_ENABLE_OBJC_EXCEPTIONS = YES;
				GCC_OPTIMIZATION_LEVEL = 0;
				GCC_PREPROCESSOR_DEFINITIONS = (
					"DEBUG=1",
					"$(inherited)",
				);
				GCC_SYMBOLS_PRIVATE_EXTERN = NO;
				GCC_TREAT_WARNINGS_AS_ERRORS = YES;
				GCC_WARN_64_TO_32_BIT_CONVERSION = YES;
				GCC_WARN_ABOUT_RETURN_TYPE = YES;
				GCC_WARN_PEDANTIC = NO;
				GCC_WARN_UNINITIALIZED_AUTOS = YES;
				GCC_WARN_UNUSED_VARIABLE = YES;
				MACOSX_DEPLOYMENT_TARGET = 10.8;
				ONLY_ACTIVE_ARCH = YES;
				SDKROOT = macosx;
				WARNING_CFLAGS = (
					"-Wall",
					"-Wextra",
					"-Wno-semicolon-before-method-body",
					"-Wno-unused-parameter",
				);
			};
			name = Debug;
		};
		52F898AA15D8766500AD9031 /* Release */ = {
			isa = XCBuildConfiguration;
			buildSettings = {
				ALWAYS_SEARCH_USER_PATHS = NO;
				ARCHS = "$(ARCHS_STANDARD_64_BIT)";
				CLANG_CXX_LANGUAGE_STANDARD = "gnu++0x";
				CLANG_ENABLE_OBJC_ARC = YES;
				CLANG_WARN__DUPLICATE_METHOD_MATCH = YES;
				COPY_PHASE_STRIP = YES;
				DEBUG_INFORMATION_FORMAT = "dwarf-with-dsym";
				GCC_C_LANGUAGE_STANDARD = gnu99;
				GCC_ENABLE_OBJC_EXCEPTIONS = YES;
				GCC_TREAT_WARNINGS_AS_ERRORS = YES;
				GCC_WARN_64_TO_32_BIT_CONVERSION = YES;
				GCC_WARN_ABOUT_RETURN_TYPE = YES;
				GCC_WARN_PEDANTIC = NO;
				GCC_WARN_UNINITIALIZED_AUTOS = YES;
				GCC_WARN_UNUSED_VARIABLE = YES;
				MACOSX_DEPLOYMENT_TARGET = 10.8;
				SDKROOT = macosx;
				WARNING_CFLAGS = (
					"-Wall",
					"-Wextra",
					"-Wno-semicolon-before-method-body",
					"-Wno-unused-parameter",
				);
			};
			name = Release;
		};
		52F898AC15D8766500AD9031 /* Debug */ = {
			isa = XCBuildConfiguration;
			buildSettings = {
				COMBINE_HIDPI_IMAGES = YES;
				GCC_PRECOMPILE_PREFIX_HEADER = YES;
				GCC_PREFIX_HEADER = "TR Poser/TR Poser-Prefix.pch";
				INFOPLIST_FILE = "TR Poser/TR Poser-Info.plist";
				PRODUCT_NAME = "$(TARGET_NAME)";
				WRAPPER_EXTENSION = app;
			};
			name = Debug;
		};
		52F898AD15D8766500AD9031 /* Release */ = {
			isa = XCBuildConfiguration;
			buildSettings = {
				COMBINE_HIDPI_IMAGES = YES;
				GCC_PRECOMPILE_PREFIX_HEADER = YES;
				GCC_PREFIX_HEADER = "TR Poser/TR Poser-Prefix.pch";
				INFOPLIST_FILE = "TR Poser/TR Poser-Info.plist";
				PRODUCT_NAME = "$(TARGET_NAME)";
				WRAPPER_EXTENSION = app;
			};
			name = Release;
		};
		52F898AF15D8766500AD9031 /* Debug */ = {
			isa = XCBuildConfiguration;
			buildSettings = {
				BUNDLE_LOADER = "$(BUILT_PRODUCTS_DIR)/TR Poser.app/Contents/MacOS/TR Poser";
				COMBINE_HIDPI_IMAGES = YES;
				FRAMEWORK_SEARCH_PATHS = "\"$(DEVELOPER_LIBRARY_DIR)/Frameworks\"";
				GCC_PRECOMPILE_PREFIX_HEADER = YES;
				GCC_PREFIX_HEADER = "TR Poser/TR Poser-Prefix.pch";
				INFOPLIST_FILE = "TR PoserTests/TR PoserTests-Info.plist";
				PRODUCT_NAME = "$(TARGET_NAME)";
				TEST_HOST = "$(BUNDLE_LOADER)";
				WRAPPER_EXTENSION = octest;
			};
			name = Debug;
		};
		52F898B015D8766500AD9031 /* Release */ = {
			isa = XCBuildConfiguration;
			buildSettings = {
				BUNDLE_LOADER = "$(BUILT_PRODUCTS_DIR)/TR Poser.app/Contents/MacOS/TR Poser";
				COMBINE_HIDPI_IMAGES = YES;
				FRAMEWORK_SEARCH_PATHS = "\"$(DEVELOPER_LIBRARY_DIR)/Frameworks\"";
				GCC_PRECOMPILE_PREFIX_HEADER = YES;
				GCC_PREFIX_HEADER = "TR Poser/TR Poser-Prefix.pch";
				INFOPLIST_FILE = "TR PoserTests/TR PoserTests-Info.plist";
				PRODUCT_NAME = "$(TARGET_NAME)";
				TEST_HOST = "$(BUNDLE_LOADER)";
				WRAPPER_EXTENSION = octest;
			};
			name = Release;
		};
/* End XCBuildConfiguration section */

/* Begin XCConfigurationList section */
		52F8987015D8766400AD9031 /* Build configuration list for PBXProject "TR Poser" */ = {
			isa = XCConfigurationList;
			buildConfigurations = (
				52F898A915D8766500AD9031 /* Debug */,
				52F898AA15D8766500AD9031 /* Release */,
			);
			defaultConfigurationIsVisible = 0;
			defaultConfigurationName = Release;
		};
		52F898AB15D8766500AD9031 /* Build configuration list for PBXNativeTarget "TR Poser" */ = {
			isa = XCConfigurationList;
			buildConfigurations = (
				52F898AC15D8766500AD9031 /* Debug */,
				52F898AD15D8766500AD9031 /* Release */,
			);
			defaultConfigurationIsVisible = 0;
			defaultConfigurationName = Release;
		};
		52F898AE15D8766500AD9031 /* Build configuration list for PBXNativeTarget "TR PoserTests" */ = {
			isa = XCConfigurationList;
			buildConfigurations = (
				52F898AF15D8766500AD9031 /* Debug */,
				52F898B015D8766500AD9031 /* Release */,
			);
			defaultConfigurationIsVisible = 0;
			defaultConfigurationName = Release;
		};
/* End XCConfigurationList section */
	};
	rootObject = 52F8986D15D8766400AD9031 /* Project object */;
}
